// !$*UTF8*$!
{
	archiveVersion = 1;
	classes = {
	};
	objectVersion = 50;
	objects = {

/* Begin PBXBuildFile section */
		221BB16122625A99000AF355 /* pythonE-matplotlib._contour.framework in Embed Frameworks */ = {isa = PBXBuildFile; fileRef = 221BB15D22625A64000AF355 /* pythonE-matplotlib._contour.framework */; settings = {ATTRIBUTES = (CodeSignOnCopy, RemoveHeadersOnCopy, ); }; };
		221BB16222625A99000AF355 /* pythonE-matplotlib._image.framework in Embed Frameworks */ = {isa = PBXBuildFile; fileRef = 221BB15A22625A63000AF355 /* pythonE-matplotlib._image.framework */; settings = {ATTRIBUTES = (CodeSignOnCopy, RemoveHeadersOnCopy, ); }; };
		221BB16322625A99000AF355 /* pythonE-matplotlib._path.framework in Embed Frameworks */ = {isa = PBXBuildFile; fileRef = 221BB15E22625A64000AF355 /* pythonE-matplotlib._path.framework */; settings = {ATTRIBUTES = (CodeSignOnCopy, RemoveHeadersOnCopy, ); }; };
		221BB16422625A99000AF355 /* pythonE-matplotlib._png.framework in Embed Frameworks */ = {isa = PBXBuildFile; fileRef = 221BB15C22625A64000AF355 /* pythonE-matplotlib._png.framework */; settings = {ATTRIBUTES = (CodeSignOnCopy, RemoveHeadersOnCopy, ); }; };
		221BB16522625A99000AF355 /* pythonE-matplotlib._qhull.framework in Embed Frameworks */ = {isa = PBXBuildFile; fileRef = 221BB16022625A64000AF355 /* pythonE-matplotlib._qhull.framework */; settings = {ATTRIBUTES = (CodeSignOnCopy, RemoveHeadersOnCopy, ); }; };
		221BB16622625A99000AF355 /* pythonE-matplotlib._tri.framework in Embed Frameworks */ = {isa = PBXBuildFile; fileRef = 221BB15922625A63000AF355 /* pythonE-matplotlib._tri.framework */; settings = {ATTRIBUTES = (CodeSignOnCopy, RemoveHeadersOnCopy, ); }; };
		221BB16722625A99000AF355 /* pythonE-matplotlib.backends._backend_agg.framework in Embed Frameworks */ = {isa = PBXBuildFile; fileRef = 221BB15822625A63000AF355 /* pythonE-matplotlib.backends._backend_agg.framework */; settings = {ATTRIBUTES = (CodeSignOnCopy, RemoveHeadersOnCopy, ); }; };
		221BB16822625A99000AF355 /* pythonE-matplotlib.ft2font.framework in Embed Frameworks */ = {isa = PBXBuildFile; fileRef = 221BB15F22625A64000AF355 /* pythonE-matplotlib.ft2font.framework */; settings = {ATTRIBUTES = (CodeSignOnCopy, RemoveHeadersOnCopy, ); }; };
		221BB16922625A99000AF355 /* pythonE-matplotlib.ttconv.framework in Embed Frameworks */ = {isa = PBXBuildFile; fileRef = 221BB15B22625A64000AF355 /* pythonE-matplotlib.ttconv.framework */; settings = {ATTRIBUTES = (CodeSignOnCopy, RemoveHeadersOnCopy, ); }; };
		221BB17322625AB3000AF355 /* pythonD-matplotlib._contour.framework in Embed Frameworks */ = {isa = PBXBuildFile; fileRef = 221BB16D22625AAC000AF355 /* pythonD-matplotlib._contour.framework */; settings = {ATTRIBUTES = (CodeSignOnCopy, RemoveHeadersOnCopy, ); }; };
		221BB17422625AB3000AF355 /* pythonD-matplotlib._image.framework in Embed Frameworks */ = {isa = PBXBuildFile; fileRef = 221BB17122625AAD000AF355 /* pythonD-matplotlib._image.framework */; settings = {ATTRIBUTES = (CodeSignOnCopy, RemoveHeadersOnCopy, ); }; };
		221BB17522625AB3000AF355 /* pythonD-matplotlib._path.framework in Embed Frameworks */ = {isa = PBXBuildFile; fileRef = 221BB16C22625AAC000AF355 /* pythonD-matplotlib._path.framework */; settings = {ATTRIBUTES = (CodeSignOnCopy, RemoveHeadersOnCopy, ); }; };
		221BB17622625AB3000AF355 /* pythonD-matplotlib._png.framework in Embed Frameworks */ = {isa = PBXBuildFile; fileRef = 221BB16B22625AAC000AF355 /* pythonD-matplotlib._png.framework */; settings = {ATTRIBUTES = (CodeSignOnCopy, RemoveHeadersOnCopy, ); }; };
		221BB17722625AB3000AF355 /* pythonD-matplotlib._qhull.framework in Embed Frameworks */ = {isa = PBXBuildFile; fileRef = 221BB16F22625AAD000AF355 /* pythonD-matplotlib._qhull.framework */; settings = {ATTRIBUTES = (CodeSignOnCopy, RemoveHeadersOnCopy, ); }; };
		221BB17822625AB3000AF355 /* pythonD-matplotlib._tri.framework in Embed Frameworks */ = {isa = PBXBuildFile; fileRef = 221BB16E22625AAD000AF355 /* pythonD-matplotlib._tri.framework */; settings = {ATTRIBUTES = (CodeSignOnCopy, RemoveHeadersOnCopy, ); }; };
		221BB17922625AB3000AF355 /* pythonD-matplotlib.backends._backend_agg.framework in Embed Frameworks */ = {isa = PBXBuildFile; fileRef = 221BB17022625AAD000AF355 /* pythonD-matplotlib.backends._backend_agg.framework */; settings = {ATTRIBUTES = (CodeSignOnCopy, RemoveHeadersOnCopy, ); }; };
		221BB17A22625AB3000AF355 /* pythonD-matplotlib.ft2font.framework in Embed Frameworks */ = {isa = PBXBuildFile; fileRef = 221BB17222625AAD000AF355 /* pythonD-matplotlib.ft2font.framework */; settings = {ATTRIBUTES = (CodeSignOnCopy, RemoveHeadersOnCopy, ); }; };
		221BB17B22625AB3000AF355 /* pythonD-matplotlib.ttconv.framework in Embed Frameworks */ = {isa = PBXBuildFile; fileRef = 221BB16A22625AAC000AF355 /* pythonD-matplotlib.ttconv.framework */; settings = {ATTRIBUTES = (CodeSignOnCopy, RemoveHeadersOnCopy, ); }; };
		221BB18522625ACD000AF355 /* pythonC-matplotlib._contour.framework in Embed Frameworks */ = {isa = PBXBuildFile; fileRef = 221BB17C22625AC5000AF355 /* pythonC-matplotlib._contour.framework */; settings = {ATTRIBUTES = (CodeSignOnCopy, RemoveHeadersOnCopy, ); }; };
		221BB18622625ACD000AF355 /* pythonC-matplotlib._image.framework in Embed Frameworks */ = {isa = PBXBuildFile; fileRef = 221BB18022625AC6000AF355 /* pythonC-matplotlib._image.framework */; settings = {ATTRIBUTES = (CodeSignOnCopy, RemoveHeadersOnCopy, ); }; };
		221BB18722625ACD000AF355 /* pythonC-matplotlib._path.framework in Embed Frameworks */ = {isa = PBXBuildFile; fileRef = 221BB17E22625AC5000AF355 /* pythonC-matplotlib._path.framework */; settings = {ATTRIBUTES = (CodeSignOnCopy, RemoveHeadersOnCopy, ); }; };
		221BB18822625ACD000AF355 /* pythonC-matplotlib._png.framework in Embed Frameworks */ = {isa = PBXBuildFile; fileRef = 221BB18322625AC6000AF355 /* pythonC-matplotlib._png.framework */; settings = {ATTRIBUTES = (CodeSignOnCopy, RemoveHeadersOnCopy, ); }; };
		221BB18922625ACD000AF355 /* pythonC-matplotlib._qhull.framework in Embed Frameworks */ = {isa = PBXBuildFile; fileRef = 221BB17D22625AC5000AF355 /* pythonC-matplotlib._qhull.framework */; settings = {ATTRIBUTES = (CodeSignOnCopy, RemoveHeadersOnCopy, ); }; };
		221BB18A22625ACD000AF355 /* pythonC-matplotlib._tri.framework in Embed Frameworks */ = {isa = PBXBuildFile; fileRef = 221BB17F22625AC5000AF355 /* pythonC-matplotlib._tri.framework */; settings = {ATTRIBUTES = (CodeSignOnCopy, RemoveHeadersOnCopy, ); }; };
		221BB18B22625ACD000AF355 /* pythonC-matplotlib.backends._backend_agg.framework in Embed Frameworks */ = {isa = PBXBuildFile; fileRef = 221BB18122625AC6000AF355 /* pythonC-matplotlib.backends._backend_agg.framework */; settings = {ATTRIBUTES = (CodeSignOnCopy, RemoveHeadersOnCopy, ); }; };
		221BB18C22625ACD000AF355 /* pythonC-matplotlib.ft2font.framework in Embed Frameworks */ = {isa = PBXBuildFile; fileRef = 221BB18422625AC6000AF355 /* pythonC-matplotlib.ft2font.framework */; settings = {ATTRIBUTES = (CodeSignOnCopy, RemoveHeadersOnCopy, ); }; };
		221BB18D22625ACD000AF355 /* pythonC-matplotlib.ttconv.framework in Embed Frameworks */ = {isa = PBXBuildFile; fileRef = 221BB18222625AC6000AF355 /* pythonC-matplotlib.ttconv.framework */; settings = {ATTRIBUTES = (CodeSignOnCopy, RemoveHeadersOnCopy, ); }; };
		221BB19722625AE0000AF355 /* pythonB-matplotlib._contour.framework in Embed Frameworks */ = {isa = PBXBuildFile; fileRef = 221BB18F22625ADA000AF355 /* pythonB-matplotlib._contour.framework */; settings = {ATTRIBUTES = (CodeSignOnCopy, RemoveHeadersOnCopy, ); }; };
		221BB19822625AE0000AF355 /* pythonB-matplotlib._image.framework in Embed Frameworks */ = {isa = PBXBuildFile; fileRef = 221BB18E22625ADA000AF355 /* pythonB-matplotlib._image.framework */; settings = {ATTRIBUTES = (CodeSignOnCopy, RemoveHeadersOnCopy, ); }; };
		221BB19922625AE0000AF355 /* pythonB-matplotlib._path.framework in Embed Frameworks */ = {isa = PBXBuildFile; fileRef = 221BB19422625ADB000AF355 /* pythonB-matplotlib._path.framework */; settings = {ATTRIBUTES = (CodeSignOnCopy, RemoveHeadersOnCopy, ); }; };
		221BB19A22625AE0000AF355 /* pythonB-matplotlib._png.framework in Embed Frameworks */ = {isa = PBXBuildFile; fileRef = 221BB19322625ADB000AF355 /* pythonB-matplotlib._png.framework */; settings = {ATTRIBUTES = (CodeSignOnCopy, RemoveHeadersOnCopy, ); }; };
		221BB19B22625AE0000AF355 /* pythonB-matplotlib._qhull.framework in Embed Frameworks */ = {isa = PBXBuildFile; fileRef = 221BB19222625ADA000AF355 /* pythonB-matplotlib._qhull.framework */; settings = {ATTRIBUTES = (CodeSignOnCopy, RemoveHeadersOnCopy, ); }; };
		221BB19C22625AE0000AF355 /* pythonB-matplotlib._tri.framework in Embed Frameworks */ = {isa = PBXBuildFile; fileRef = 221BB19522625ADB000AF355 /* pythonB-matplotlib._tri.framework */; settings = {ATTRIBUTES = (CodeSignOnCopy, RemoveHeadersOnCopy, ); }; };
		221BB19D22625AE0000AF355 /* pythonB-matplotlib.backends._backend_agg.framework in Embed Frameworks */ = {isa = PBXBuildFile; fileRef = 221BB19622625ADB000AF355 /* pythonB-matplotlib.backends._backend_agg.framework */; settings = {ATTRIBUTES = (CodeSignOnCopy, RemoveHeadersOnCopy, ); }; };
		221BB19E22625AE0000AF355 /* pythonB-matplotlib.ft2font.framework in Embed Frameworks */ = {isa = PBXBuildFile; fileRef = 221BB19022625ADA000AF355 /* pythonB-matplotlib.ft2font.framework */; settings = {ATTRIBUTES = (CodeSignOnCopy, RemoveHeadersOnCopy, ); }; };
		221BB19F22625AE0000AF355 /* pythonB-matplotlib.ttconv.framework in Embed Frameworks */ = {isa = PBXBuildFile; fileRef = 221BB19122625ADA000AF355 /* pythonB-matplotlib.ttconv.framework */; settings = {ATTRIBUTES = (CodeSignOnCopy, RemoveHeadersOnCopy, ); }; };
		221BB1A922625AF6000AF355 /* pythonA-matplotlib._contour.framework in Embed Frameworks */ = {isa = PBXBuildFile; fileRef = 221BB1A622625AF1000AF355 /* pythonA-matplotlib._contour.framework */; settings = {ATTRIBUTES = (CodeSignOnCopy, RemoveHeadersOnCopy, ); }; };
		221BB1AA22625AF6000AF355 /* pythonA-matplotlib._image.framework in Embed Frameworks */ = {isa = PBXBuildFile; fileRef = 221BB1A522625AF1000AF355 /* pythonA-matplotlib._image.framework */; settings = {ATTRIBUTES = (CodeSignOnCopy, RemoveHeadersOnCopy, ); }; };
		221BB1AB22625AF6000AF355 /* pythonA-matplotlib._path.framework in Embed Frameworks */ = {isa = PBXBuildFile; fileRef = 221BB1A822625AF2000AF355 /* pythonA-matplotlib._path.framework */; settings = {ATTRIBUTES = (CodeSignOnCopy, RemoveHeadersOnCopy, ); }; };
		221BB1AC22625AF6000AF355 /* pythonA-matplotlib._png.framework in Embed Frameworks */ = {isa = PBXBuildFile; fileRef = 221BB1A122625AF0000AF355 /* pythonA-matplotlib._png.framework */; settings = {ATTRIBUTES = (CodeSignOnCopy, RemoveHeadersOnCopy, ); }; };
		221BB1AD22625AF6000AF355 /* pythonA-matplotlib._qhull.framework in Embed Frameworks */ = {isa = PBXBuildFile; fileRef = 221BB1A022625AF0000AF355 /* pythonA-matplotlib._qhull.framework */; settings = {ATTRIBUTES = (CodeSignOnCopy, RemoveHeadersOnCopy, ); }; };
		221BB1AE22625AF6000AF355 /* pythonA-matplotlib._tri.framework in Embed Frameworks */ = {isa = PBXBuildFile; fileRef = 221BB1A222625AF1000AF355 /* pythonA-matplotlib._tri.framework */; settings = {ATTRIBUTES = (CodeSignOnCopy, RemoveHeadersOnCopy, ); }; };
		221BB1AF22625AF6000AF355 /* pythonA-matplotlib.backends._backend_agg.framework in Embed Frameworks */ = {isa = PBXBuildFile; fileRef = 221BB1A722625AF1000AF355 /* pythonA-matplotlib.backends._backend_agg.framework */; settings = {ATTRIBUTES = (CodeSignOnCopy, RemoveHeadersOnCopy, ); }; };
		221BB1B022625AF6000AF355 /* pythonA-matplotlib.ft2font.framework in Embed Frameworks */ = {isa = PBXBuildFile; fileRef = 221BB1A322625AF1000AF355 /* pythonA-matplotlib.ft2font.framework */; settings = {ATTRIBUTES = (CodeSignOnCopy, RemoveHeadersOnCopy, ); }; };
		221BB1B122625AF6000AF355 /* pythonA-matplotlib.ttconv.framework in Embed Frameworks */ = {isa = PBXBuildFile; fileRef = 221BB1A422625AF1000AF355 /* pythonA-matplotlib.ttconv.framework */; settings = {ATTRIBUTES = (CodeSignOnCopy, RemoveHeadersOnCopy, ); }; };
		221BB1BB22625B14000AF355 /* python3_ios-matplotlib._contour.framework in Embed Frameworks */ = {isa = PBXBuildFile; fileRef = 221BB1B522625B0A000AF355 /* python3_ios-matplotlib._contour.framework */; settings = {ATTRIBUTES = (CodeSignOnCopy, RemoveHeadersOnCopy, ); }; };
		221BB1BC22625B14000AF355 /* python3_ios-matplotlib._image.framework in Embed Frameworks */ = {isa = PBXBuildFile; fileRef = 221BB1B222625B0A000AF355 /* python3_ios-matplotlib._image.framework */; settings = {ATTRIBUTES = (CodeSignOnCopy, RemoveHeadersOnCopy, ); }; };
		221BB1BD22625B14000AF355 /* python3_ios-matplotlib._path.framework in Embed Frameworks */ = {isa = PBXBuildFile; fileRef = 221BB1B622625B0B000AF355 /* python3_ios-matplotlib._path.framework */; settings = {ATTRIBUTES = (CodeSignOnCopy, RemoveHeadersOnCopy, ); }; };
		221BB1BE22625B14000AF355 /* python3_ios-matplotlib._png.framework in Embed Frameworks */ = {isa = PBXBuildFile; fileRef = 221BB1B922625B0B000AF355 /* python3_ios-matplotlib._png.framework */; settings = {ATTRIBUTES = (CodeSignOnCopy, RemoveHeadersOnCopy, ); }; };
		221BB1BF22625B14000AF355 /* python3_ios-matplotlib._qhull.framework in Embed Frameworks */ = {isa = PBXBuildFile; fileRef = 221BB1B822625B0B000AF355 /* python3_ios-matplotlib._qhull.framework */; settings = {ATTRIBUTES = (CodeSignOnCopy, RemoveHeadersOnCopy, ); }; };
		221BB1C022625B14000AF355 /* python3_ios-matplotlib._tri.framework in Embed Frameworks */ = {isa = PBXBuildFile; fileRef = 221BB1B422625B0A000AF355 /* python3_ios-matplotlib._tri.framework */; settings = {ATTRIBUTES = (CodeSignOnCopy, RemoveHeadersOnCopy, ); }; };
		221BB1C122625B14000AF355 /* python3_ios-matplotlib.backends._backend_agg.framework in Embed Frameworks */ = {isa = PBXBuildFile; fileRef = 221BB1B322625B0A000AF355 /* python3_ios-matplotlib.backends._backend_agg.framework */; settings = {ATTRIBUTES = (CodeSignOnCopy, RemoveHeadersOnCopy, ); }; };
		221BB1C222625B14000AF355 /* python3_ios-matplotlib.ft2font.framework in Embed Frameworks */ = {isa = PBXBuildFile; fileRef = 221BB1BA22625B0B000AF355 /* python3_ios-matplotlib.ft2font.framework */; settings = {ATTRIBUTES = (CodeSignOnCopy, RemoveHeadersOnCopy, ); }; };
		221BB1C322625B14000AF355 /* python3_ios-matplotlib.ttconv.framework in Embed Frameworks */ = {isa = PBXBuildFile; fileRef = 221BB1B722625B0B000AF355 /* python3_ios-matplotlib.ttconv.framework */; settings = {ATTRIBUTES = (CodeSignOnCopy, RemoveHeadersOnCopy, ); }; };
		22288E312212099D0081D86C /* ios_system.framework in Frameworks */ = {isa = PBXBuildFile; fileRef = 22B750D921FCA4CF00241F27 /* ios_system.framework */; };
		2239A8DB2212106A005C73D0 /* openblas.framework in Embed Frameworks */ = {isa = PBXBuildFile; fileRef = 22288E222212098C0081D86C /* openblas.framework */; settings = {ATTRIBUTES = (CodeSignOnCopy, RemoveHeadersOnCopy, ); }; };
		22623B3D225B6B0E0002DB71 /* python3_ios.framework in Embed Frameworks */ = {isa = PBXBuildFile; fileRef = 22623B3B225B6B090002DB71 /* python3_ios.framework */; settings = {ATTRIBUTES = (CodeSignOnCopy, RemoveHeadersOnCopy, ); }; };
		22623B3F225B6B0E0002DB71 /* pythonA.framework in Embed Frameworks */ = {isa = PBXBuildFile; fileRef = 22623B38225B6B090002DB71 /* pythonA.framework */; settings = {ATTRIBUTES = (CodeSignOnCopy, RemoveHeadersOnCopy, ); }; };
		22623B41225B6B0E0002DB71 /* pythonB.framework in Embed Frameworks */ = {isa = PBXBuildFile; fileRef = 22623B39225B6B090002DB71 /* pythonB.framework */; settings = {ATTRIBUTES = (CodeSignOnCopy, RemoveHeadersOnCopy, ); }; };
		22623B43225B6B0E0002DB71 /* pythonC.framework in Embed Frameworks */ = {isa = PBXBuildFile; fileRef = 22623B37225B6B090002DB71 /* pythonC.framework */; settings = {ATTRIBUTES = (CodeSignOnCopy, RemoveHeadersOnCopy, ); }; };
		22623B45225B6B0E0002DB71 /* pythonD.framework in Embed Frameworks */ = {isa = PBXBuildFile; fileRef = 22623B3A225B6B090002DB71 /* pythonD.framework */; settings = {ATTRIBUTES = (CodeSignOnCopy, RemoveHeadersOnCopy, ); }; };
		22623B47225B6B0E0002DB71 /* pythonE.framework in Embed Frameworks */ = {isa = PBXBuildFile; fileRef = 22623B36225B6B090002DB71 /* pythonE.framework */; settings = {ATTRIBUTES = (CodeSignOnCopy, RemoveHeadersOnCopy, ); }; };
		22623B6B225B87C60002DB71 /* pythonA-kiwisolver.framework in Embed Frameworks */ = {isa = PBXBuildFile; fileRef = 22623B69225B87C50002DB71 /* pythonA-kiwisolver.framework */; settings = {ATTRIBUTES = (CodeSignOnCopy, RemoveHeadersOnCopy, ); }; };
		22623B71225B8AAD0002DB71 /* pythonB-kiwisolver.framework in Embed Frameworks */ = {isa = PBXBuildFile; fileRef = 22623B6C225B8AAB0002DB71 /* pythonB-kiwisolver.framework */; settings = {ATTRIBUTES = (CodeSignOnCopy, RemoveHeadersOnCopy, ); }; };
		22623B73225B8AAD0002DB71 /* pythonE-kiwisolver.framework in Embed Frameworks */ = {isa = PBXBuildFile; fileRef = 22623B6D225B8AAC0002DB71 /* pythonE-kiwisolver.framework */; settings = {ATTRIBUTES = (CodeSignOnCopy, RemoveHeadersOnCopy, ); }; };
		22623B75225B8AAD0002DB71 /* pythonC-kiwisolver.framework in Embed Frameworks */ = {isa = PBXBuildFile; fileRef = 22623B6E225B8AAC0002DB71 /* pythonC-kiwisolver.framework */; settings = {ATTRIBUTES = (CodeSignOnCopy, RemoveHeadersOnCopy, ); }; };
		22623B77225B8AAD0002DB71 /* pythonD-kiwisolver.framework in Embed Frameworks */ = {isa = PBXBuildFile; fileRef = 22623B6F225B8AAC0002DB71 /* pythonD-kiwisolver.framework */; settings = {ATTRIBUTES = (CodeSignOnCopy, RemoveHeadersOnCopy, ); }; };
		22623B7A225B8ACE0002DB71 /* python3_ios-kiwisolver.framework in Embed Frameworks */ = {isa = PBXBuildFile; fileRef = 22623B78225B8ACD0002DB71 /* python3_ios-kiwisolver.framework */; settings = {ATTRIBUTES = (CodeSignOnCopy, RemoveHeadersOnCopy, ); }; };
		229F12222243BC2E006487FD /* FontAwesome.otf in Resources */ = {isa = PBXBuildFile; fileRef = 229F12212243BAAE006487FD /* FontAwesome.otf */; };
		22A1C69E21FE4143001B49F0 /* ViewController.swift in Sources */ = {isa = PBXBuildFile; fileRef = 22A1C69D21FE4142001B49F0 /* ViewController.swift */; };
		22A9B758223BD58700F2D2FF /* Document.swift in Sources */ = {isa = PBXBuildFile; fileRef = 22C9A7802236CEDD0016B538 /* Document.swift */; };
		22B750B021FC671700241F27 /* AppDelegate.swift in Sources */ = {isa = PBXBuildFile; fileRef = 22B750AF21FC671700241F27 /* AppDelegate.swift */; };
		22B750B521FC671700241F27 /* Main.storyboard in Resources */ = {isa = PBXBuildFile; fileRef = 22B750B321FC671700241F27 /* Main.storyboard */; };
		22B750B721FC671900241F27 /* Assets.xcassets in Resources */ = {isa = PBXBuildFile; fileRef = 22B750B621FC671900241F27 /* Assets.xcassets */; };
		22B750BA21FC671900241F27 /* LaunchScreen.storyboard in Resources */ = {isa = PBXBuildFile; fileRef = 22B750B821FC671900241F27 /* LaunchScreen.storyboard */; };
		22B7510E21FCA53200241F27 /* awk.framework in Embed Frameworks */ = {isa = PBXBuildFile; fileRef = 22B750DB21FCA4CF00241F27 /* awk.framework */; settings = {ATTRIBUTES = (CodeSignOnCopy, RemoveHeadersOnCopy, ); }; };
		22B7511221FCA53200241F27 /* curl_ios.framework in Embed Frameworks */ = {isa = PBXBuildFile; fileRef = 22B750D621FCA4CF00241F27 /* curl_ios.framework */; settings = {ATTRIBUTES = (CodeSignOnCopy, RemoveHeadersOnCopy, ); }; };
		22B7511421FCA53200241F27 /* files.framework in Embed Frameworks */ = {isa = PBXBuildFile; fileRef = 22B750DA21FCA4CF00241F27 /* files.framework */; settings = {ATTRIBUTES = (CodeSignOnCopy, RemoveHeadersOnCopy, ); }; };
		22B7511A21FCA53200241F27 /* ios_system.framework in Embed Frameworks */ = {isa = PBXBuildFile; fileRef = 22B750D921FCA4CF00241F27 /* ios_system.framework */; settings = {ATTRIBUTES = (CodeSignOnCopy, RemoveHeadersOnCopy, ); }; };
		22B7512121FCA53200241F27 /* libssh2.framework in Embed Frameworks */ = {isa = PBXBuildFile; fileRef = 22B750D821FCA4CF00241F27 /* libssh2.framework */; settings = {ATTRIBUTES = (CodeSignOnCopy, RemoveHeadersOnCopy, ); }; };
		22B7512621FCA53200241F27 /* network_ios.framework in Embed Frameworks */ = {isa = PBXBuildFile; fileRef = 22B750DC21FCA4CF00241F27 /* network_ios.framework */; settings = {ATTRIBUTES = (CodeSignOnCopy, RemoveHeadersOnCopy, ); }; };
		22B7512821FCA53200241F27 /* openssl.framework in Embed Frameworks */ = {isa = PBXBuildFile; fileRef = 22B750D221FCA4CF00241F27 /* openssl.framework */; settings = {ATTRIBUTES = (CodeSignOnCopy, RemoveHeadersOnCopy, ); }; };
		22B7514021FCA53300241F27 /* shell.framework in Embed Frameworks */ = {isa = PBXBuildFile; fileRef = 22B750DD21FCA4D000241F27 /* shell.framework */; settings = {ATTRIBUTES = (CodeSignOnCopy, RemoveHeadersOnCopy, ); }; };
		22B7514221FCA53300241F27 /* ssh_cmd.framework in Embed Frameworks */ = {isa = PBXBuildFile; fileRef = 22B750E621FCA4D100241F27 /* ssh_cmd.framework */; settings = {ATTRIBUTES = (CodeSignOnCopy, RemoveHeadersOnCopy, ); }; };
		22B7514421FCA53300241F27 /* tar.framework in Embed Frameworks */ = {isa = PBXBuildFile; fileRef = 22B750E721FCA4D100241F27 /* tar.framework */; settings = {ATTRIBUTES = (CodeSignOnCopy, RemoveHeadersOnCopy, ); }; };
		22B7514621FCA53300241F27 /* text.framework in Embed Frameworks */ = {isa = PBXBuildFile; fileRef = 22B750DE21FCA4D000241F27 /* text.framework */; settings = {ATTRIBUTES = (CodeSignOnCopy, RemoveHeadersOnCopy, ); }; };
		22B7515021FCCB9F00241F27 /* commandDictionary.plist in Resources */ = {isa = PBXBuildFile; fileRef = 22B7514F21FCCB9F00241F27 /* commandDictionary.plist */; };
		22C9A7842236CEDE0016B538 /* DocumentBrowserViewController.swift in Sources */ = {isa = PBXBuildFile; fileRef = 22C9A7812236CEDE0016B538 /* DocumentBrowserViewController.swift */; };
		22C9A7AC223804210016B538 /* runningSessions.swift in Sources */ = {isa = PBXBuildFile; fileRef = 22C9A7AB223804210016B538 /* runningSessions.swift */; };
		22EF1E48225BE1C40058BEAA /* pythonA-numpy.core._dummy.framework in Embed Frameworks */ = {isa = PBXBuildFile; fileRef = 22EF1E46225BE1BA0058BEAA /* pythonA-numpy.core._dummy.framework */; settings = {ATTRIBUTES = (CodeSignOnCopy, RemoveHeadersOnCopy, ); }; };
		22EF1E4A225BE1C40058BEAA /* pythonA-numpy.core._multiarray_umath.framework in Embed Frameworks */ = {isa = PBXBuildFile; fileRef = 22EF1E45225BE1BA0058BEAA /* pythonA-numpy.core._multiarray_umath.framework */; settings = {ATTRIBUTES = (CodeSignOnCopy, RemoveHeadersOnCopy, ); }; };
		22EF1E4C225BE1C40058BEAA /* pythonA-numpy.fft.fftpack_lite.framework in Embed Frameworks */ = {isa = PBXBuildFile; fileRef = 22EF1E41225BE1BA0058BEAA /* pythonA-numpy.fft.fftpack_lite.framework */; settings = {ATTRIBUTES = (CodeSignOnCopy, RemoveHeadersOnCopy, ); }; };
		22EF1E4E225BE1C40058BEAA /* pythonA-numpy.linalg._umath_linalg.framework in Embed Frameworks */ = {isa = PBXBuildFile; fileRef = 22EF1E44225BE1BA0058BEAA /* pythonA-numpy.linalg._umath_linalg.framework */; settings = {ATTRIBUTES = (CodeSignOnCopy, RemoveHeadersOnCopy, ); }; };
		22EF1E50225BE1C40058BEAA /* pythonA-numpy.linalg.lapack_lite.framework in Embed Frameworks */ = {isa = PBXBuildFile; fileRef = 22EF1E42225BE1BA0058BEAA /* pythonA-numpy.linalg.lapack_lite.framework */; settings = {ATTRIBUTES = (CodeSignOnCopy, RemoveHeadersOnCopy, ); }; };
		22EF1E52225BE1C40058BEAA /* pythonA-numpy.random.mtrand.framework in Embed Frameworks */ = {isa = PBXBuildFile; fileRef = 22EF1E43225BE1BA0058BEAA /* pythonA-numpy.random.mtrand.framework */; settings = {ATTRIBUTES = (CodeSignOnCopy, RemoveHeadersOnCopy, ); }; };
		22EF1E6C225BE5E20058BEAA /* pythonB-numpy.core._dummy.framework in Embed Frameworks */ = {isa = PBXBuildFile; fileRef = 22EF1E64225BE5D60058BEAA /* pythonB-numpy.core._dummy.framework */; settings = {ATTRIBUTES = (CodeSignOnCopy, RemoveHeadersOnCopy, ); }; };
		22EF1E6E225BE5E20058BEAA /* pythonB-numpy.core._multiarray_umath.framework in Embed Frameworks */ = {isa = PBXBuildFile; fileRef = 22EF1E5B225BE5D60058BEAA /* pythonB-numpy.core._multiarray_umath.framework */; settings = {ATTRIBUTES = (CodeSignOnCopy, RemoveHeadersOnCopy, ); }; };
		22EF1E70225BE5E20058BEAA /* pythonB-numpy.fft.fftpack_lite.framework in Embed Frameworks */ = {isa = PBXBuildFile; fileRef = 22EF1E68225BE5D70058BEAA /* pythonB-numpy.fft.fftpack_lite.framework */; settings = {ATTRIBUTES = (CodeSignOnCopy, RemoveHeadersOnCopy, ); }; };
		22EF1E72225BE5E20058BEAA /* pythonB-numpy.linalg._umath_linalg.framework in Embed Frameworks */ = {isa = PBXBuildFile; fileRef = 22EF1E6A225BE5D70058BEAA /* pythonB-numpy.linalg._umath_linalg.framework */; settings = {ATTRIBUTES = (CodeSignOnCopy, RemoveHeadersOnCopy, ); }; };
		22EF1E74225BE5E30058BEAA /* pythonB-numpy.linalg.lapack_lite.framework in Embed Frameworks */ = {isa = PBXBuildFile; fileRef = 22EF1E61225BE5D60058BEAA /* pythonB-numpy.linalg.lapack_lite.framework */; settings = {ATTRIBUTES = (CodeSignOnCopy, RemoveHeadersOnCopy, ); }; };
		22EF1E76225BE5E30058BEAA /* pythonB-numpy.random.mtrand.framework in Embed Frameworks */ = {isa = PBXBuildFile; fileRef = 22EF1E59225BE5D50058BEAA /* pythonB-numpy.random.mtrand.framework */; settings = {ATTRIBUTES = (CodeSignOnCopy, RemoveHeadersOnCopy, ); }; };
		22EF1E78225BE5E30058BEAA /* pythonC-numpy.core._dummy.framework in Embed Frameworks */ = {isa = PBXBuildFile; fileRef = 22EF1E57225BE5D50058BEAA /* pythonC-numpy.core._dummy.framework */; settings = {ATTRIBUTES = (CodeSignOnCopy, RemoveHeadersOnCopy, ); }; };
		22EF1E7A225BE5E30058BEAA /* pythonC-numpy.core._multiarray_umath.framework in Embed Frameworks */ = {isa = PBXBuildFile; fileRef = 22EF1E56225BE5D50058BEAA /* pythonC-numpy.core._multiarray_umath.framework */; settings = {ATTRIBUTES = (CodeSignOnCopy, RemoveHeadersOnCopy, ); }; };
		22EF1E7C225BE5E30058BEAA /* pythonC-numpy.fft.fftpack_lite.framework in Embed Frameworks */ = {isa = PBXBuildFile; fileRef = 22EF1E66225BE5D70058BEAA /* pythonC-numpy.fft.fftpack_lite.framework */; settings = {ATTRIBUTES = (CodeSignOnCopy, RemoveHeadersOnCopy, ); }; };
		22EF1E7E225BE5E30058BEAA /* pythonC-numpy.linalg._umath_linalg.framework in Embed Frameworks */ = {isa = PBXBuildFile; fileRef = 22EF1E53225BE5D50058BEAA /* pythonC-numpy.linalg._umath_linalg.framework */; settings = {ATTRIBUTES = (CodeSignOnCopy, RemoveHeadersOnCopy, ); }; };
		22EF1E80225BE5E30058BEAA /* pythonC-numpy.linalg.lapack_lite.framework in Embed Frameworks */ = {isa = PBXBuildFile; fileRef = 22EF1E67225BE5D70058BEAA /* pythonC-numpy.linalg.lapack_lite.framework */; settings = {ATTRIBUTES = (CodeSignOnCopy, RemoveHeadersOnCopy, ); }; };
		22EF1E82225BE5E30058BEAA /* pythonC-numpy.random.mtrand.framework in Embed Frameworks */ = {isa = PBXBuildFile; fileRef = 22EF1E5A225BE5D60058BEAA /* pythonC-numpy.random.mtrand.framework */; settings = {ATTRIBUTES = (CodeSignOnCopy, RemoveHeadersOnCopy, ); }; };
		22EF1E84225BE5E30058BEAA /* pythonD-numpy.core._dummy.framework in Embed Frameworks */ = {isa = PBXBuildFile; fileRef = 22EF1E5F225BE5D60058BEAA /* pythonD-numpy.core._dummy.framework */; settings = {ATTRIBUTES = (CodeSignOnCopy, RemoveHeadersOnCopy, ); }; };
		22EF1E86225BE5E30058BEAA /* pythonD-numpy.core._multiarray_umath.framework in Embed Frameworks */ = {isa = PBXBuildFile; fileRef = 22EF1E62225BE5D60058BEAA /* pythonD-numpy.core._multiarray_umath.framework */; settings = {ATTRIBUTES = (CodeSignOnCopy, RemoveHeadersOnCopy, ); }; };
		22EF1E88225BE5E30058BEAA /* pythonD-numpy.fft.fftpack_lite.framework in Embed Frameworks */ = {isa = PBXBuildFile; fileRef = 22EF1E54225BE5D50058BEAA /* pythonD-numpy.fft.fftpack_lite.framework */; settings = {ATTRIBUTES = (CodeSignOnCopy, RemoveHeadersOnCopy, ); }; };
		22EF1E8A225BE5E30058BEAA /* pythonD-numpy.linalg._umath_linalg.framework in Embed Frameworks */ = {isa = PBXBuildFile; fileRef = 22EF1E60225BE5D60058BEAA /* pythonD-numpy.linalg._umath_linalg.framework */; settings = {ATTRIBUTES = (CodeSignOnCopy, RemoveHeadersOnCopy, ); }; };
		22EF1E8C225BE5E40058BEAA /* pythonD-numpy.linalg.lapack_lite.framework in Embed Frameworks */ = {isa = PBXBuildFile; fileRef = 22EF1E5C225BE5D60058BEAA /* pythonD-numpy.linalg.lapack_lite.framework */; settings = {ATTRIBUTES = (CodeSignOnCopy, RemoveHeadersOnCopy, ); }; };
		22EF1E8E225BE5E40058BEAA /* pythonD-numpy.random.mtrand.framework in Embed Frameworks */ = {isa = PBXBuildFile; fileRef = 22EF1E69225BE5D70058BEAA /* pythonD-numpy.random.mtrand.framework */; settings = {ATTRIBUTES = (CodeSignOnCopy, RemoveHeadersOnCopy, ); }; };
		22EF1E90225BE5E40058BEAA /* pythonE-numpy.core._dummy.framework in Embed Frameworks */ = {isa = PBXBuildFile; fileRef = 22EF1E5D225BE5D60058BEAA /* pythonE-numpy.core._dummy.framework */; settings = {ATTRIBUTES = (CodeSignOnCopy, RemoveHeadersOnCopy, ); }; };
		22EF1E92225BE5E40058BEAA /* pythonE-numpy.core._multiarray_umath.framework in Embed Frameworks */ = {isa = PBXBuildFile; fileRef = 22EF1E5E225BE5D60058BEAA /* pythonE-numpy.core._multiarray_umath.framework */; settings = {ATTRIBUTES = (CodeSignOnCopy, RemoveHeadersOnCopy, ); }; };
		22EF1E94225BE5E40058BEAA /* pythonE-numpy.fft.fftpack_lite.framework in Embed Frameworks */ = {isa = PBXBuildFile; fileRef = 22EF1E63225BE5D60058BEAA /* pythonE-numpy.fft.fftpack_lite.framework */; settings = {ATTRIBUTES = (CodeSignOnCopy, RemoveHeadersOnCopy, ); }; };
		22EF1E96225BE5E40058BEAA /* pythonE-numpy.linalg._umath_linalg.framework in Embed Frameworks */ = {isa = PBXBuildFile; fileRef = 22EF1E65225BE5D70058BEAA /* pythonE-numpy.linalg._umath_linalg.framework */; settings = {ATTRIBUTES = (CodeSignOnCopy, RemoveHeadersOnCopy, ); }; };
		22EF1E98225BE5E40058BEAA /* pythonE-numpy.linalg.lapack_lite.framework in Embed Frameworks */ = {isa = PBXBuildFile; fileRef = 22EF1E58225BE5D50058BEAA /* pythonE-numpy.linalg.lapack_lite.framework */; settings = {ATTRIBUTES = (CodeSignOnCopy, RemoveHeadersOnCopy, ); }; };
		22EF1E9A225BE5E40058BEAA /* pythonE-numpy.random.mtrand.framework in Embed Frameworks */ = {isa = PBXBuildFile; fileRef = 22EF1E55225BE5D50058BEAA /* pythonE-numpy.random.mtrand.framework */; settings = {ATTRIBUTES = (CodeSignOnCopy, RemoveHeadersOnCopy, ); }; };
		22EF1EA2225BE6090058BEAA /* python3_ios-numpy.core._dummy.framework in Embed Frameworks */ = {isa = PBXBuildFile; fileRef = 22EF1EA0225BE6020058BEAA /* python3_ios-numpy.core._dummy.framework */; settings = {ATTRIBUTES = (CodeSignOnCopy, RemoveHeadersOnCopy, ); }; };
		22EF1EA4225BE6090058BEAA /* python3_ios-numpy.core._multiarray_umath.framework in Embed Frameworks */ = {isa = PBXBuildFile; fileRef = 22EF1E9B225BE6000058BEAA /* python3_ios-numpy.core._multiarray_umath.framework */; settings = {ATTRIBUTES = (CodeSignOnCopy, RemoveHeadersOnCopy, ); }; };
		22EF1EA6225BE6090058BEAA /* python3_ios-numpy.fft.fftpack_lite.framework in Embed Frameworks */ = {isa = PBXBuildFile; fileRef = 22EF1E9E225BE6010058BEAA /* python3_ios-numpy.fft.fftpack_lite.framework */; settings = {ATTRIBUTES = (CodeSignOnCopy, RemoveHeadersOnCopy, ); }; };
		22EF1EA8225BE6090058BEAA /* python3_ios-numpy.linalg._umath_linalg.framework in Embed Frameworks */ = {isa = PBXBuildFile; fileRef = 22EF1E9D225BE6010058BEAA /* python3_ios-numpy.linalg._umath_linalg.framework */; settings = {ATTRIBUTES = (CodeSignOnCopy, RemoveHeadersOnCopy, ); }; };
		22EF1EAA225BE6090058BEAA /* python3_ios-numpy.linalg.lapack_lite.framework in Embed Frameworks */ = {isa = PBXBuildFile; fileRef = 22EF1E9F225BE6010058BEAA /* python3_ios-numpy.linalg.lapack_lite.framework */; settings = {ATTRIBUTES = (CodeSignOnCopy, RemoveHeadersOnCopy, ); }; };
		22EF1EAC225BE6090058BEAA /* python3_ios-numpy.random.mtrand.framework in Embed Frameworks */ = {isa = PBXBuildFile; fileRef = 22EF1E9C225BE6000058BEAA /* python3_ios-numpy.random.mtrand.framework */; settings = {ATTRIBUTES = (CodeSignOnCopy, RemoveHeadersOnCopy, ); }; };
		22F03F712219D9EF00EBEA0B /* Library in Resources */ = {isa = PBXBuildFile; fileRef = 22F03F702219D9E500EBEA0B /* Library */; };
		22F03F73222087AB00EBEA0B /* ListPythonFiles.swift in Sources */ = {isa = PBXBuildFile; fileRef = 22F03F72222087AB00EBEA0B /* ListPythonFiles.swift */; };
		22FDD69E22119AEC003FABFE /* freetype.framework in Embed Frameworks */ = {isa = PBXBuildFile; fileRef = 22B750EA21FCA4D100241F27 /* freetype.framework */; settings = {ATTRIBUTES = (CodeSignOnCopy, RemoveHeadersOnCopy, ); }; };
		22FDD69F22119AEC003FABFE /* harfbuzz.framework in Embed Frameworks */ = {isa = PBXBuildFile; fileRef = 22B750CF21FCA4CE00241F27 /* harfbuzz.framework */; settings = {ATTRIBUTES = (CodeSignOnCopy, RemoveHeadersOnCopy, ); }; };
		22FFDCF32263D78F003E97CF /* welcome in Resources */ = {isa = PBXBuildFile; fileRef = 22FFDCF22263D78F003E97CF /* welcome */; };
/* End PBXBuildFile section */

/* Begin PBXCopyFilesBuildPhase section */
		22B7514721FCA53400241F27 /* Embed Frameworks */ = {
			isa = PBXCopyFilesBuildPhase;
			buildActionMask = 12;
			dstPath = "";
			dstSubfolderSpec = 10;
			files = (
				22B7511A21FCA53200241F27 /* ios_system.framework in Embed Frameworks */,
				22B7512821FCA53200241F27 /* openssl.framework in Embed Frameworks */,
				22B7512121FCA53200241F27 /* libssh2.framework in Embed Frameworks */,
				22B7514221FCA53300241F27 /* ssh_cmd.framework in Embed Frameworks */,
				22B7514421FCA53300241F27 /* tar.framework in Embed Frameworks */,
				22B7514021FCA53300241F27 /* shell.framework in Embed Frameworks */,
				22B7514621FCA53300241F27 /* text.framework in Embed Frameworks */,
				2239A8DB2212106A005C73D0 /* openblas.framework in Embed Frameworks */,
				22FDD69E22119AEC003FABFE /* freetype.framework in Embed Frameworks */,
				22FDD69F22119AEC003FABFE /* harfbuzz.framework in Embed Frameworks */,
				22B7510E21FCA53200241F27 /* awk.framework in Embed Frameworks */,
				22B7511221FCA53200241F27 /* curl_ios.framework in Embed Frameworks */,
				22B7511421FCA53200241F27 /* files.framework in Embed Frameworks */,
				22B7512621FCA53200241F27 /* network_ios.framework in Embed Frameworks */,
				22623B3D225B6B0E0002DB71 /* python3_ios.framework in Embed Frameworks */,
				22623B7A225B8ACE0002DB71 /* python3_ios-kiwisolver.framework in Embed Frameworks */,
				22EF1EA4225BE6090058BEAA /* python3_ios-numpy.core._multiarray_umath.framework in Embed Frameworks */,
				22EF1EAA225BE6090058BEAA /* python3_ios-numpy.linalg.lapack_lite.framework in Embed Frameworks */,
				22EF1EA6225BE6090058BEAA /* python3_ios-numpy.fft.fftpack_lite.framework in Embed Frameworks */,
				22EF1EA2225BE6090058BEAA /* python3_ios-numpy.core._dummy.framework in Embed Frameworks */,
				22EF1EA8225BE6090058BEAA /* python3_ios-numpy.linalg._umath_linalg.framework in Embed Frameworks */,
				22EF1EAC225BE6090058BEAA /* python3_ios-numpy.random.mtrand.framework in Embed Frameworks */,
				221BB1BB22625B14000AF355 /* python3_ios-matplotlib._contour.framework in Embed Frameworks */,
				221BB1BC22625B14000AF355 /* python3_ios-matplotlib._image.framework in Embed Frameworks */,
				221BB1BD22625B14000AF355 /* python3_ios-matplotlib._path.framework in Embed Frameworks */,
				221BB1BE22625B14000AF355 /* python3_ios-matplotlib._png.framework in Embed Frameworks */,
				221BB1BF22625B14000AF355 /* python3_ios-matplotlib._qhull.framework in Embed Frameworks */,
				221BB1C022625B14000AF355 /* python3_ios-matplotlib._tri.framework in Embed Frameworks */,
				221BB1C122625B14000AF355 /* python3_ios-matplotlib.backends._backend_agg.framework in Embed Frameworks */,
				221BB1C222625B14000AF355 /* python3_ios-matplotlib.ft2font.framework in Embed Frameworks */,
				221BB1C322625B14000AF355 /* python3_ios-matplotlib.ttconv.framework in Embed Frameworks */,
				22623B3F225B6B0E0002DB71 /* pythonA.framework in Embed Frameworks */,
				22623B6B225B87C60002DB71 /* pythonA-kiwisolver.framework in Embed Frameworks */,
				22EF1E4E225BE1C40058BEAA /* pythonA-numpy.linalg._umath_linalg.framework in Embed Frameworks */,
				22EF1E4A225BE1C40058BEAA /* pythonA-numpy.core._multiarray_umath.framework in Embed Frameworks */,
				22EF1E52225BE1C40058BEAA /* pythonA-numpy.random.mtrand.framework in Embed Frameworks */,
				22EF1E4C225BE1C40058BEAA /* pythonA-numpy.fft.fftpack_lite.framework in Embed Frameworks */,
				22EF1E50225BE1C40058BEAA /* pythonA-numpy.linalg.lapack_lite.framework in Embed Frameworks */,
				22EF1E48225BE1C40058BEAA /* pythonA-numpy.core._dummy.framework in Embed Frameworks */,
				221BB1A922625AF6000AF355 /* pythonA-matplotlib._contour.framework in Embed Frameworks */,
				221BB1AA22625AF6000AF355 /* pythonA-matplotlib._image.framework in Embed Frameworks */,
				221BB1AB22625AF6000AF355 /* pythonA-matplotlib._path.framework in Embed Frameworks */,
				221BB1AC22625AF6000AF355 /* pythonA-matplotlib._png.framework in Embed Frameworks */,
				221BB1AD22625AF6000AF355 /* pythonA-matplotlib._qhull.framework in Embed Frameworks */,
				221BB1AE22625AF6000AF355 /* pythonA-matplotlib._tri.framework in Embed Frameworks */,
				221BB1AF22625AF6000AF355 /* pythonA-matplotlib.backends._backend_agg.framework in Embed Frameworks */,
				221BB1B022625AF6000AF355 /* pythonA-matplotlib.ft2font.framework in Embed Frameworks */,
				221BB1B122625AF6000AF355 /* pythonA-matplotlib.ttconv.framework in Embed Frameworks */,
				22623B41225B6B0E0002DB71 /* pythonB.framework in Embed Frameworks */,
				22623B71225B8AAD0002DB71 /* pythonB-kiwisolver.framework in Embed Frameworks */,
				22EF1E76225BE5E30058BEAA /* pythonB-numpy.random.mtrand.framework in Embed Frameworks */,
				22EF1E74225BE5E30058BEAA /* pythonB-numpy.linalg.lapack_lite.framework in Embed Frameworks */,
				22EF1E70225BE5E20058BEAA /* pythonB-numpy.fft.fftpack_lite.framework in Embed Frameworks */,
				22EF1E6C225BE5E20058BEAA /* pythonB-numpy.core._dummy.framework in Embed Frameworks */,
				22EF1E72225BE5E20058BEAA /* pythonB-numpy.linalg._umath_linalg.framework in Embed Frameworks */,
				22EF1E6E225BE5E20058BEAA /* pythonB-numpy.core._multiarray_umath.framework in Embed Frameworks */,
				221BB19722625AE0000AF355 /* pythonB-matplotlib._contour.framework in Embed Frameworks */,
				221BB19822625AE0000AF355 /* pythonB-matplotlib._image.framework in Embed Frameworks */,
				221BB19922625AE0000AF355 /* pythonB-matplotlib._path.framework in Embed Frameworks */,
				221BB19A22625AE0000AF355 /* pythonB-matplotlib._png.framework in Embed Frameworks */,
				221BB19B22625AE0000AF355 /* pythonB-matplotlib._qhull.framework in Embed Frameworks */,
				221BB19C22625AE0000AF355 /* pythonB-matplotlib._tri.framework in Embed Frameworks */,
				221BB19D22625AE0000AF355 /* pythonB-matplotlib.backends._backend_agg.framework in Embed Frameworks */,
				221BB19E22625AE0000AF355 /* pythonB-matplotlib.ft2font.framework in Embed Frameworks */,
				221BB19F22625AE0000AF355 /* pythonB-matplotlib.ttconv.framework in Embed Frameworks */,
				22623B43225B6B0E0002DB71 /* pythonC.framework in Embed Frameworks */,
				22623B75225B8AAD0002DB71 /* pythonC-kiwisolver.framework in Embed Frameworks */,
				22EF1E7E225BE5E30058BEAA /* pythonC-numpy.linalg._umath_linalg.framework in Embed Frameworks */,
				22EF1E78225BE5E30058BEAA /* pythonC-numpy.core._dummy.framework in Embed Frameworks */,
				22EF1E80225BE5E30058BEAA /* pythonC-numpy.linalg.lapack_lite.framework in Embed Frameworks */,
				22EF1E82225BE5E30058BEAA /* pythonC-numpy.random.mtrand.framework in Embed Frameworks */,
				22EF1E7C225BE5E30058BEAA /* pythonC-numpy.fft.fftpack_lite.framework in Embed Frameworks */,
				22EF1E7A225BE5E30058BEAA /* pythonC-numpy.core._multiarray_umath.framework in Embed Frameworks */,
				221BB18522625ACD000AF355 /* pythonC-matplotlib._contour.framework in Embed Frameworks */,
				221BB18622625ACD000AF355 /* pythonC-matplotlib._image.framework in Embed Frameworks */,
				221BB18722625ACD000AF355 /* pythonC-matplotlib._path.framework in Embed Frameworks */,
				221BB18822625ACD000AF355 /* pythonC-matplotlib._png.framework in Embed Frameworks */,
				221BB18922625ACD000AF355 /* pythonC-matplotlib._qhull.framework in Embed Frameworks */,
				221BB18A22625ACD000AF355 /* pythonC-matplotlib._tri.framework in Embed Frameworks */,
				221BB18B22625ACD000AF355 /* pythonC-matplotlib.backends._backend_agg.framework in Embed Frameworks */,
				221BB18C22625ACD000AF355 /* pythonC-matplotlib.ft2font.framework in Embed Frameworks */,
				221BB18D22625ACD000AF355 /* pythonC-matplotlib.ttconv.framework in Embed Frameworks */,
				22623B45225B6B0E0002DB71 /* pythonD.framework in Embed Frameworks */,
				22623B77225B8AAD0002DB71 /* pythonD-kiwisolver.framework in Embed Frameworks */,
				22EF1E84225BE5E30058BEAA /* pythonD-numpy.core._dummy.framework in Embed Frameworks */,
				22EF1E8C225BE5E40058BEAA /* pythonD-numpy.linalg.lapack_lite.framework in Embed Frameworks */,
				22EF1E8A225BE5E30058BEAA /* pythonD-numpy.linalg._umath_linalg.framework in Embed Frameworks */,
				22EF1E8E225BE5E40058BEAA /* pythonD-numpy.random.mtrand.framework in Embed Frameworks */,
				22EF1E88225BE5E30058BEAA /* pythonD-numpy.fft.fftpack_lite.framework in Embed Frameworks */,
				22EF1E86225BE5E30058BEAA /* pythonD-numpy.core._multiarray_umath.framework in Embed Frameworks */,
				221BB17322625AB3000AF355 /* pythonD-matplotlib._contour.framework in Embed Frameworks */,
				221BB17422625AB3000AF355 /* pythonD-matplotlib._image.framework in Embed Frameworks */,
				221BB17522625AB3000AF355 /* pythonD-matplotlib._path.framework in Embed Frameworks */,
				221BB17622625AB3000AF355 /* pythonD-matplotlib._png.framework in Embed Frameworks */,
				221BB17722625AB3000AF355 /* pythonD-matplotlib._qhull.framework in Embed Frameworks */,
				221BB17822625AB3000AF355 /* pythonD-matplotlib._tri.framework in Embed Frameworks */,
				221BB17922625AB3000AF355 /* pythonD-matplotlib.backends._backend_agg.framework in Embed Frameworks */,
				221BB17A22625AB3000AF355 /* pythonD-matplotlib.ft2font.framework in Embed Frameworks */,
				221BB17B22625AB3000AF355 /* pythonD-matplotlib.ttconv.framework in Embed Frameworks */,
				22623B47225B6B0E0002DB71 /* pythonE.framework in Embed Frameworks */,
				22623B73225B8AAD0002DB71 /* pythonE-kiwisolver.framework in Embed Frameworks */,
				22EF1E9A225BE5E40058BEAA /* pythonE-numpy.random.mtrand.framework in Embed Frameworks */,
				22EF1E98225BE5E40058BEAA /* pythonE-numpy.linalg.lapack_lite.framework in Embed Frameworks */,
				22EF1E96225BE5E40058BEAA /* pythonE-numpy.linalg._umath_linalg.framework in Embed Frameworks */,
				22EF1E94225BE5E40058BEAA /* pythonE-numpy.fft.fftpack_lite.framework in Embed Frameworks */,
				22EF1E90225BE5E40058BEAA /* pythonE-numpy.core._dummy.framework in Embed Frameworks */,
				22EF1E92225BE5E40058BEAA /* pythonE-numpy.core._multiarray_umath.framework in Embed Frameworks */,
				221BB16122625A99000AF355 /* pythonE-matplotlib._contour.framework in Embed Frameworks */,
				221BB16222625A99000AF355 /* pythonE-matplotlib._image.framework in Embed Frameworks */,
				221BB16322625A99000AF355 /* pythonE-matplotlib._path.framework in Embed Frameworks */,
				221BB16422625A99000AF355 /* pythonE-matplotlib._png.framework in Embed Frameworks */,
				221BB16522625A99000AF355 /* pythonE-matplotlib._qhull.framework in Embed Frameworks */,
				221BB16622625A99000AF355 /* pythonE-matplotlib._tri.framework in Embed Frameworks */,
				221BB16722625A99000AF355 /* pythonE-matplotlib.backends._backend_agg.framework in Embed Frameworks */,
				221BB16822625A99000AF355 /* pythonE-matplotlib.ft2font.framework in Embed Frameworks */,
				221BB16922625A99000AF355 /* pythonE-matplotlib.ttconv.framework in Embed Frameworks */,
			);
			name = "Embed Frameworks";
			runOnlyForDeploymentPostprocessing = 0;
		};
/* End PBXCopyFilesBuildPhase section */

/* Begin PBXFileReference section */
		221BB15822625A63000AF355 /* pythonE-matplotlib.backends._backend_agg.framework */ = {isa = PBXFileReference; lastKnownFileType = wrapper.framework; name = "pythonE-matplotlib.backends._backend_agg.framework"; path = "Frameworks/pythonE-matplotlib.backends._backend_agg.framework"; sourceTree = "<group>"; };
		221BB15922625A63000AF355 /* pythonE-matplotlib._tri.framework */ = {isa = PBXFileReference; lastKnownFileType = wrapper.framework; name = "pythonE-matplotlib._tri.framework"; path = "Frameworks/pythonE-matplotlib._tri.framework"; sourceTree = "<group>"; };
		221BB15A22625A63000AF355 /* pythonE-matplotlib._image.framework */ = {isa = PBXFileReference; lastKnownFileType = wrapper.framework; name = "pythonE-matplotlib._image.framework"; path = "Frameworks/pythonE-matplotlib._image.framework"; sourceTree = "<group>"; };
		221BB15B22625A64000AF355 /* pythonE-matplotlib.ttconv.framework */ = {isa = PBXFileReference; lastKnownFileType = wrapper.framework; name = "pythonE-matplotlib.ttconv.framework"; path = "Frameworks/pythonE-matplotlib.ttconv.framework"; sourceTree = "<group>"; };
		221BB15C22625A64000AF355 /* pythonE-matplotlib._png.framework */ = {isa = PBXFileReference; lastKnownFileType = wrapper.framework; name = "pythonE-matplotlib._png.framework"; path = "Frameworks/pythonE-matplotlib._png.framework"; sourceTree = "<group>"; };
		221BB15D22625A64000AF355 /* pythonE-matplotlib._contour.framework */ = {isa = PBXFileReference; lastKnownFileType = wrapper.framework; name = "pythonE-matplotlib._contour.framework"; path = "Frameworks/pythonE-matplotlib._contour.framework"; sourceTree = "<group>"; };
		221BB15E22625A64000AF355 /* pythonE-matplotlib._path.framework */ = {isa = PBXFileReference; lastKnownFileType = wrapper.framework; name = "pythonE-matplotlib._path.framework"; path = "Frameworks/pythonE-matplotlib._path.framework"; sourceTree = "<group>"; };
		221BB15F22625A64000AF355 /* pythonE-matplotlib.ft2font.framework */ = {isa = PBXFileReference; lastKnownFileType = wrapper.framework; name = "pythonE-matplotlib.ft2font.framework"; path = "Frameworks/pythonE-matplotlib.ft2font.framework"; sourceTree = "<group>"; };
		221BB16022625A64000AF355 /* pythonE-matplotlib._qhull.framework */ = {isa = PBXFileReference; lastKnownFileType = wrapper.framework; name = "pythonE-matplotlib._qhull.framework"; path = "Frameworks/pythonE-matplotlib._qhull.framework"; sourceTree = "<group>"; };
		221BB16A22625AAC000AF355 /* pythonD-matplotlib.ttconv.framework */ = {isa = PBXFileReference; lastKnownFileType = wrapper.framework; name = "pythonD-matplotlib.ttconv.framework"; path = "Frameworks/pythonD-matplotlib.ttconv.framework"; sourceTree = "<group>"; };
		221BB16B22625AAC000AF355 /* pythonD-matplotlib._png.framework */ = {isa = PBXFileReference; lastKnownFileType = wrapper.framework; name = "pythonD-matplotlib._png.framework"; path = "Frameworks/pythonD-matplotlib._png.framework"; sourceTree = "<group>"; };
		221BB16C22625AAC000AF355 /* pythonD-matplotlib._path.framework */ = {isa = PBXFileReference; lastKnownFileType = wrapper.framework; name = "pythonD-matplotlib._path.framework"; path = "Frameworks/pythonD-matplotlib._path.framework"; sourceTree = "<group>"; };
		221BB16D22625AAC000AF355 /* pythonD-matplotlib._contour.framework */ = {isa = PBXFileReference; lastKnownFileType = wrapper.framework; name = "pythonD-matplotlib._contour.framework"; path = "Frameworks/pythonD-matplotlib._contour.framework"; sourceTree = "<group>"; };
		221BB16E22625AAD000AF355 /* pythonD-matplotlib._tri.framework */ = {isa = PBXFileReference; lastKnownFileType = wrapper.framework; name = "pythonD-matplotlib._tri.framework"; path = "Frameworks/pythonD-matplotlib._tri.framework"; sourceTree = "<group>"; };
		221BB16F22625AAD000AF355 /* pythonD-matplotlib._qhull.framework */ = {isa = PBXFileReference; lastKnownFileType = wrapper.framework; name = "pythonD-matplotlib._qhull.framework"; path = "Frameworks/pythonD-matplotlib._qhull.framework"; sourceTree = "<group>"; };
		221BB17022625AAD000AF355 /* pythonD-matplotlib.backends._backend_agg.framework */ = {isa = PBXFileReference; lastKnownFileType = wrapper.framework; name = "pythonD-matplotlib.backends._backend_agg.framework"; path = "Frameworks/pythonD-matplotlib.backends._backend_agg.framework"; sourceTree = "<group>"; };
		221BB17122625AAD000AF355 /* pythonD-matplotlib._image.framework */ = {isa = PBXFileReference; lastKnownFileType = wrapper.framework; name = "pythonD-matplotlib._image.framework"; path = "Frameworks/pythonD-matplotlib._image.framework"; sourceTree = "<group>"; };
		221BB17222625AAD000AF355 /* pythonD-matplotlib.ft2font.framework */ = {isa = PBXFileReference; lastKnownFileType = wrapper.framework; name = "pythonD-matplotlib.ft2font.framework"; path = "Frameworks/pythonD-matplotlib.ft2font.framework"; sourceTree = "<group>"; };
		221BB17C22625AC5000AF355 /* pythonC-matplotlib._contour.framework */ = {isa = PBXFileReference; lastKnownFileType = wrapper.framework; name = "pythonC-matplotlib._contour.framework"; path = "Frameworks/pythonC-matplotlib._contour.framework"; sourceTree = "<group>"; };
		221BB17D22625AC5000AF355 /* pythonC-matplotlib._qhull.framework */ = {isa = PBXFileReference; lastKnownFileType = wrapper.framework; name = "pythonC-matplotlib._qhull.framework"; path = "Frameworks/pythonC-matplotlib._qhull.framework"; sourceTree = "<group>"; };
		221BB17E22625AC5000AF355 /* pythonC-matplotlib._path.framework */ = {isa = PBXFileReference; lastKnownFileType = wrapper.framework; name = "pythonC-matplotlib._path.framework"; path = "Frameworks/pythonC-matplotlib._path.framework"; sourceTree = "<group>"; };
		221BB17F22625AC5000AF355 /* pythonC-matplotlib._tri.framework */ = {isa = PBXFileReference; lastKnownFileType = wrapper.framework; name = "pythonC-matplotlib._tri.framework"; path = "Frameworks/pythonC-matplotlib._tri.framework"; sourceTree = "<group>"; };
		221BB18022625AC6000AF355 /* pythonC-matplotlib._image.framework */ = {isa = PBXFileReference; lastKnownFileType = wrapper.framework; name = "pythonC-matplotlib._image.framework"; path = "Frameworks/pythonC-matplotlib._image.framework"; sourceTree = "<group>"; };
		221BB18122625AC6000AF355 /* pythonC-matplotlib.backends._backend_agg.framework */ = {isa = PBXFileReference; lastKnownFileType = wrapper.framework; name = "pythonC-matplotlib.backends._backend_agg.framework"; path = "Frameworks/pythonC-matplotlib.backends._backend_agg.framework"; sourceTree = "<group>"; };
		221BB18222625AC6000AF355 /* pythonC-matplotlib.ttconv.framework */ = {isa = PBXFileReference; lastKnownFileType = wrapper.framework; name = "pythonC-matplotlib.ttconv.framework"; path = "Frameworks/pythonC-matplotlib.ttconv.framework"; sourceTree = "<group>"; };
		221BB18322625AC6000AF355 /* pythonC-matplotlib._png.framework */ = {isa = PBXFileReference; lastKnownFileType = wrapper.framework; name = "pythonC-matplotlib._png.framework"; path = "Frameworks/pythonC-matplotlib._png.framework"; sourceTree = "<group>"; };
		221BB18422625AC6000AF355 /* pythonC-matplotlib.ft2font.framework */ = {isa = PBXFileReference; lastKnownFileType = wrapper.framework; name = "pythonC-matplotlib.ft2font.framework"; path = "Frameworks/pythonC-matplotlib.ft2font.framework"; sourceTree = "<group>"; };
		221BB18E22625ADA000AF355 /* pythonB-matplotlib._image.framework */ = {isa = PBXFileReference; lastKnownFileType = wrapper.framework; name = "pythonB-matplotlib._image.framework"; path = "Frameworks/pythonB-matplotlib._image.framework"; sourceTree = "<group>"; };
		221BB18F22625ADA000AF355 /* pythonB-matplotlib._contour.framework */ = {isa = PBXFileReference; lastKnownFileType = wrapper.framework; name = "pythonB-matplotlib._contour.framework"; path = "Frameworks/pythonB-matplotlib._contour.framework"; sourceTree = "<group>"; };
		221BB19022625ADA000AF355 /* pythonB-matplotlib.ft2font.framework */ = {isa = PBXFileReference; lastKnownFileType = wrapper.framework; name = "pythonB-matplotlib.ft2font.framework"; path = "Frameworks/pythonB-matplotlib.ft2font.framework"; sourceTree = "<group>"; };
		221BB19122625ADA000AF355 /* pythonB-matplotlib.ttconv.framework */ = {isa = PBXFileReference; lastKnownFileType = wrapper.framework; name = "pythonB-matplotlib.ttconv.framework"; path = "Frameworks/pythonB-matplotlib.ttconv.framework"; sourceTree = "<group>"; };
		221BB19222625ADA000AF355 /* pythonB-matplotlib._qhull.framework */ = {isa = PBXFileReference; lastKnownFileType = wrapper.framework; name = "pythonB-matplotlib._qhull.framework"; path = "Frameworks/pythonB-matplotlib._qhull.framework"; sourceTree = "<group>"; };
		221BB19322625ADB000AF355 /* pythonB-matplotlib._png.framework */ = {isa = PBXFileReference; lastKnownFileType = wrapper.framework; name = "pythonB-matplotlib._png.framework"; path = "Frameworks/pythonB-matplotlib._png.framework"; sourceTree = "<group>"; };
		221BB19422625ADB000AF355 /* pythonB-matplotlib._path.framework */ = {isa = PBXFileReference; lastKnownFileType = wrapper.framework; name = "pythonB-matplotlib._path.framework"; path = "Frameworks/pythonB-matplotlib._path.framework"; sourceTree = "<group>"; };
		221BB19522625ADB000AF355 /* pythonB-matplotlib._tri.framework */ = {isa = PBXFileReference; lastKnownFileType = wrapper.framework; name = "pythonB-matplotlib._tri.framework"; path = "Frameworks/pythonB-matplotlib._tri.framework"; sourceTree = "<group>"; };
		221BB19622625ADB000AF355 /* pythonB-matplotlib.backends._backend_agg.framework */ = {isa = PBXFileReference; lastKnownFileType = wrapper.framework; name = "pythonB-matplotlib.backends._backend_agg.framework"; path = "Frameworks/pythonB-matplotlib.backends._backend_agg.framework"; sourceTree = "<group>"; };
		221BB1A022625AF0000AF355 /* pythonA-matplotlib._qhull.framework */ = {isa = PBXFileReference; lastKnownFileType = wrapper.framework; name = "pythonA-matplotlib._qhull.framework"; path = "Frameworks/pythonA-matplotlib._qhull.framework"; sourceTree = "<group>"; };
		221BB1A122625AF0000AF355 /* pythonA-matplotlib._png.framework */ = {isa = PBXFileReference; lastKnownFileType = wrapper.framework; name = "pythonA-matplotlib._png.framework"; path = "Frameworks/pythonA-matplotlib._png.framework"; sourceTree = "<group>"; };
		221BB1A222625AF1000AF355 /* pythonA-matplotlib._tri.framework */ = {isa = PBXFileReference; lastKnownFileType = wrapper.framework; name = "pythonA-matplotlib._tri.framework"; path = "Frameworks/pythonA-matplotlib._tri.framework"; sourceTree = "<group>"; };
		221BB1A322625AF1000AF355 /* pythonA-matplotlib.ft2font.framework */ = {isa = PBXFileReference; lastKnownFileType = wrapper.framework; name = "pythonA-matplotlib.ft2font.framework"; path = "Frameworks/pythonA-matplotlib.ft2font.framework"; sourceTree = "<group>"; };
		221BB1A422625AF1000AF355 /* pythonA-matplotlib.ttconv.framework */ = {isa = PBXFileReference; lastKnownFileType = wrapper.framework; name = "pythonA-matplotlib.ttconv.framework"; path = "Frameworks/pythonA-matplotlib.ttconv.framework"; sourceTree = "<group>"; };
		221BB1A522625AF1000AF355 /* pythonA-matplotlib._image.framework */ = {isa = PBXFileReference; lastKnownFileType = wrapper.framework; name = "pythonA-matplotlib._image.framework"; path = "Frameworks/pythonA-matplotlib._image.framework"; sourceTree = "<group>"; };
		221BB1A622625AF1000AF355 /* pythonA-matplotlib._contour.framework */ = {isa = PBXFileReference; lastKnownFileType = wrapper.framework; name = "pythonA-matplotlib._contour.framework"; path = "Frameworks/pythonA-matplotlib._contour.framework"; sourceTree = "<group>"; };
		221BB1A722625AF1000AF355 /* pythonA-matplotlib.backends._backend_agg.framework */ = {isa = PBXFileReference; lastKnownFileType = wrapper.framework; name = "pythonA-matplotlib.backends._backend_agg.framework"; path = "Frameworks/pythonA-matplotlib.backends._backend_agg.framework"; sourceTree = "<group>"; };
		221BB1A822625AF2000AF355 /* pythonA-matplotlib._path.framework */ = {isa = PBXFileReference; lastKnownFileType = wrapper.framework; name = "pythonA-matplotlib._path.framework"; path = "Frameworks/pythonA-matplotlib._path.framework"; sourceTree = "<group>"; };
		221BB1B222625B0A000AF355 /* python3_ios-matplotlib._image.framework */ = {isa = PBXFileReference; lastKnownFileType = wrapper.framework; name = "python3_ios-matplotlib._image.framework"; path = "Frameworks/python3_ios-matplotlib._image.framework"; sourceTree = "<group>"; };
		221BB1B322625B0A000AF355 /* python3_ios-matplotlib.backends._backend_agg.framework */ = {isa = PBXFileReference; lastKnownFileType = wrapper.framework; name = "python3_ios-matplotlib.backends._backend_agg.framework"; path = "Frameworks/python3_ios-matplotlib.backends._backend_agg.framework"; sourceTree = "<group>"; };
		221BB1B422625B0A000AF355 /* python3_ios-matplotlib._tri.framework */ = {isa = PBXFileReference; lastKnownFileType = wrapper.framework; name = "python3_ios-matplotlib._tri.framework"; path = "Frameworks/python3_ios-matplotlib._tri.framework"; sourceTree = "<group>"; };
		221BB1B522625B0A000AF355 /* python3_ios-matplotlib._contour.framework */ = {isa = PBXFileReference; lastKnownFileType = wrapper.framework; name = "python3_ios-matplotlib._contour.framework"; path = "Frameworks/python3_ios-matplotlib._contour.framework"; sourceTree = "<group>"; };
		221BB1B622625B0B000AF355 /* python3_ios-matplotlib._path.framework */ = {isa = PBXFileReference; lastKnownFileType = wrapper.framework; name = "python3_ios-matplotlib._path.framework"; path = "Frameworks/python3_ios-matplotlib._path.framework"; sourceTree = "<group>"; };
		221BB1B722625B0B000AF355 /* python3_ios-matplotlib.ttconv.framework */ = {isa = PBXFileReference; lastKnownFileType = wrapper.framework; name = "python3_ios-matplotlib.ttconv.framework"; path = "Frameworks/python3_ios-matplotlib.ttconv.framework"; sourceTree = "<group>"; };
		221BB1B822625B0B000AF355 /* python3_ios-matplotlib._qhull.framework */ = {isa = PBXFileReference; lastKnownFileType = wrapper.framework; name = "python3_ios-matplotlib._qhull.framework"; path = "Frameworks/python3_ios-matplotlib._qhull.framework"; sourceTree = "<group>"; };
		221BB1B922625B0B000AF355 /* python3_ios-matplotlib._png.framework */ = {isa = PBXFileReference; lastKnownFileType = wrapper.framework; name = "python3_ios-matplotlib._png.framework"; path = "Frameworks/python3_ios-matplotlib._png.framework"; sourceTree = "<group>"; };
		221BB1BA22625B0B000AF355 /* python3_ios-matplotlib.ft2font.framework */ = {isa = PBXFileReference; lastKnownFileType = wrapper.framework; name = "python3_ios-matplotlib.ft2font.framework"; path = "Frameworks/python3_ios-matplotlib.ft2font.framework"; sourceTree = "<group>"; };
		22288E222212098C0081D86C /* openblas.framework */ = {isa = PBXFileReference; lastKnownFileType = wrapper.framework; name = openblas.framework; path = Frameworks/openblas.framework; sourceTree = "<group>"; };
		22623B36225B6B090002DB71 /* pythonE.framework */ = {isa = PBXFileReference; lastKnownFileType = wrapper.framework; name = pythonE.framework; path = Frameworks/pythonE.framework; sourceTree = "<group>"; };
		22623B37225B6B090002DB71 /* pythonC.framework */ = {isa = PBXFileReference; lastKnownFileType = wrapper.framework; name = pythonC.framework; path = Frameworks/pythonC.framework; sourceTree = "<group>"; };
		22623B38225B6B090002DB71 /* pythonA.framework */ = {isa = PBXFileReference; lastKnownFileType = wrapper.framework; name = pythonA.framework; path = Frameworks/pythonA.framework; sourceTree = "<group>"; };
		22623B39225B6B090002DB71 /* pythonB.framework */ = {isa = PBXFileReference; lastKnownFileType = wrapper.framework; name = pythonB.framework; path = Frameworks/pythonB.framework; sourceTree = "<group>"; };
		22623B3A225B6B090002DB71 /* pythonD.framework */ = {isa = PBXFileReference; lastKnownFileType = wrapper.framework; name = pythonD.framework; path = Frameworks/pythonD.framework; sourceTree = "<group>"; };
		22623B3B225B6B090002DB71 /* python3_ios.framework */ = {isa = PBXFileReference; lastKnownFileType = wrapper.framework; name = python3_ios.framework; path = Frameworks/python3_ios.framework; sourceTree = "<group>"; };
		22623B69225B87C50002DB71 /* pythonA-kiwisolver.framework */ = {isa = PBXFileReference; lastKnownFileType = wrapper.framework; name = "pythonA-kiwisolver.framework"; path = "Frameworks/pythonA-kiwisolver.framework"; sourceTree = "<group>"; };
		22623B6C225B8AAB0002DB71 /* pythonB-kiwisolver.framework */ = {isa = PBXFileReference; lastKnownFileType = wrapper.framework; name = "pythonB-kiwisolver.framework"; path = "Frameworks/pythonB-kiwisolver.framework"; sourceTree = "<group>"; };
		22623B6D225B8AAC0002DB71 /* pythonE-kiwisolver.framework */ = {isa = PBXFileReference; lastKnownFileType = wrapper.framework; name = "pythonE-kiwisolver.framework"; path = "Frameworks/pythonE-kiwisolver.framework"; sourceTree = "<group>"; };
		22623B6E225B8AAC0002DB71 /* pythonC-kiwisolver.framework */ = {isa = PBXFileReference; lastKnownFileType = wrapper.framework; name = "pythonC-kiwisolver.framework"; path = "Frameworks/pythonC-kiwisolver.framework"; sourceTree = "<group>"; };
		22623B6F225B8AAC0002DB71 /* pythonD-kiwisolver.framework */ = {isa = PBXFileReference; lastKnownFileType = wrapper.framework; name = "pythonD-kiwisolver.framework"; path = "Frameworks/pythonD-kiwisolver.framework"; sourceTree = "<group>"; };
		22623B78225B8ACD0002DB71 /* python3_ios-kiwisolver.framework */ = {isa = PBXFileReference; lastKnownFileType = wrapper.framework; name = "python3_ios-kiwisolver.framework"; path = "Frameworks/python3_ios-kiwisolver.framework"; sourceTree = "<group>"; };
		229BB8D32210DC8F0070FD71 /* libbz2.tbd */ = {isa = PBXFileReference; lastKnownFileType = "sourcecode.text-based-dylib-definition"; name = libbz2.tbd; path = usr/lib/libbz2.tbd; sourceTree = SDKROOT; };
		229BB8D52210DCA30070FD71 /* libc++.tbd */ = {isa = PBXFileReference; lastKnownFileType = "sourcecode.text-based-dylib-definition"; name = "libc++.tbd"; path = "usr/lib/libc++.tbd"; sourceTree = SDKROOT; };
		229F12212243BAAE006487FD /* FontAwesome.otf */ = {isa = PBXFileReference; lastKnownFileType = file; name = FontAwesome.otf; path = "Library/lib/python3.7/site-packages/notebook/static/components/font-awesome/fonts/FontAwesome.otf"; sourceTree = "<group>"; };
		22A1C69D21FE4142001B49F0 /* ViewController.swift */ = {isa = PBXFileReference; fileEncoding = 4; lastKnownFileType = sourcecode.swift; path = ViewController.swift; sourceTree = "<group>"; };
		22B750AC21FC671700241F27 /* Carnets.app */ = {isa = PBXFileReference; explicitFileType = wrapper.application; includeInIndex = 0; path = Carnets.app; sourceTree = BUILT_PRODUCTS_DIR; };
		22B750AF21FC671700241F27 /* AppDelegate.swift */ = {isa = PBXFileReference; lastKnownFileType = sourcecode.swift; path = AppDelegate.swift; sourceTree = "<group>"; };
		22B750B421FC671700241F27 /* Base */ = {isa = PBXFileReference; lastKnownFileType = file.storyboard; name = Base; path = Base.lproj/Main.storyboard; sourceTree = "<group>"; };
		22B750B621FC671900241F27 /* Assets.xcassets */ = {isa = PBXFileReference; lastKnownFileType = folder.assetcatalog; path = Assets.xcassets; sourceTree = "<group>"; };
		22B750B921FC671900241F27 /* Base */ = {isa = PBXFileReference; lastKnownFileType = file.storyboard; name = Base; path = Base.lproj/LaunchScreen.storyboard; sourceTree = "<group>"; };
		22B750BB21FC671900241F27 /* Info.plist */ = {isa = PBXFileReference; lastKnownFileType = text.plist.xml; path = Info.plist; sourceTree = "<group>"; };
		22B750CF21FCA4CE00241F27 /* harfbuzz.framework */ = {isa = PBXFileReference; lastKnownFileType = wrapper.framework; name = harfbuzz.framework; path = Frameworks/harfbuzz.framework; sourceTree = "<group>"; };
		22B750D221FCA4CF00241F27 /* openssl.framework */ = {isa = PBXFileReference; lastKnownFileType = wrapper.framework; name = openssl.framework; path = Frameworks/openssl.framework; sourceTree = "<group>"; };
		22B750D621FCA4CF00241F27 /* curl_ios.framework */ = {isa = PBXFileReference; lastKnownFileType = wrapper.framework; name = curl_ios.framework; path = Frameworks/curl_ios.framework; sourceTree = "<group>"; };
		22B750D821FCA4CF00241F27 /* libssh2.framework */ = {isa = PBXFileReference; lastKnownFileType = wrapper.framework; name = libssh2.framework; path = Frameworks/libssh2.framework; sourceTree = "<group>"; };
		22B750D921FCA4CF00241F27 /* ios_system.framework */ = {isa = PBXFileReference; lastKnownFileType = wrapper.framework; name = ios_system.framework; path = Frameworks/ios_system.framework; sourceTree = "<group>"; };
		22B750DA21FCA4CF00241F27 /* files.framework */ = {isa = PBXFileReference; lastKnownFileType = wrapper.framework; name = files.framework; path = Frameworks/files.framework; sourceTree = "<group>"; };
		22B750DB21FCA4CF00241F27 /* awk.framework */ = {isa = PBXFileReference; lastKnownFileType = wrapper.framework; name = awk.framework; path = Frameworks/awk.framework; sourceTree = "<group>"; };
		22B750DC21FCA4CF00241F27 /* network_ios.framework */ = {isa = PBXFileReference; lastKnownFileType = wrapper.framework; name = network_ios.framework; path = Frameworks/network_ios.framework; sourceTree = "<group>"; };
		22B750DD21FCA4D000241F27 /* shell.framework */ = {isa = PBXFileReference; lastKnownFileType = wrapper.framework; name = shell.framework; path = Frameworks/shell.framework; sourceTree = "<group>"; };
		22B750DE21FCA4D000241F27 /* text.framework */ = {isa = PBXFileReference; lastKnownFileType = wrapper.framework; name = text.framework; path = Frameworks/text.framework; sourceTree = "<group>"; };
		22B750E621FCA4D100241F27 /* ssh_cmd.framework */ = {isa = PBXFileReference; lastKnownFileType = wrapper.framework; name = ssh_cmd.framework; path = Frameworks/ssh_cmd.framework; sourceTree = "<group>"; };
		22B750E721FCA4D100241F27 /* tar.framework */ = {isa = PBXFileReference; lastKnownFileType = wrapper.framework; name = tar.framework; path = Frameworks/tar.framework; sourceTree = "<group>"; };
		22B750EA21FCA4D100241F27 /* freetype.framework */ = {isa = PBXFileReference; lastKnownFileType = wrapper.framework; name = freetype.framework; path = Frameworks/freetype.framework; sourceTree = "<group>"; };
		22B7514F21FCCB9F00241F27 /* commandDictionary.plist */ = {isa = PBXFileReference; lastKnownFileType = text.plist.xml; name = commandDictionary.plist; path = Resources/commandDictionary.plist; sourceTree = "<group>"; };
		22C9A7802236CEDD0016B538 /* Document.swift */ = {isa = PBXFileReference; fileEncoding = 4; lastKnownFileType = sourcecode.swift; path = Document.swift; sourceTree = "<group>"; };
		22C9A7812236CEDE0016B538 /* DocumentBrowserViewController.swift */ = {isa = PBXFileReference; fileEncoding = 4; lastKnownFileType = sourcecode.swift; path = DocumentBrowserViewController.swift; sourceTree = "<group>"; };
		22C9A7822236CEDE0016B538 /* DocumentViewController.swift */ = {isa = PBXFileReference; fileEncoding = 4; lastKnownFileType = sourcecode.swift; path = DocumentViewController.swift; sourceTree = "<group>"; };
		22C9A7AB223804210016B538 /* runningSessions.swift */ = {isa = PBXFileReference; lastKnownFileType = sourcecode.swift; path = runningSessions.swift; sourceTree = "<group>"; };
		22EF1E41225BE1BA0058BEAA /* pythonA-numpy.fft.fftpack_lite.framework */ = {isa = PBXFileReference; lastKnownFileType = wrapper.framework; name = "pythonA-numpy.fft.fftpack_lite.framework"; path = "Frameworks/pythonA-numpy.fft.fftpack_lite.framework"; sourceTree = "<group>"; };
		22EF1E42225BE1BA0058BEAA /* pythonA-numpy.linalg.lapack_lite.framework */ = {isa = PBXFileReference; lastKnownFileType = wrapper.framework; name = "pythonA-numpy.linalg.lapack_lite.framework"; path = "Frameworks/pythonA-numpy.linalg.lapack_lite.framework"; sourceTree = "<group>"; };
		22EF1E43225BE1BA0058BEAA /* pythonA-numpy.random.mtrand.framework */ = {isa = PBXFileReference; lastKnownFileType = wrapper.framework; name = "pythonA-numpy.random.mtrand.framework"; path = "Frameworks/pythonA-numpy.random.mtrand.framework"; sourceTree = "<group>"; };
		22EF1E44225BE1BA0058BEAA /* pythonA-numpy.linalg._umath_linalg.framework */ = {isa = PBXFileReference; lastKnownFileType = wrapper.framework; name = "pythonA-numpy.linalg._umath_linalg.framework"; path = "Frameworks/pythonA-numpy.linalg._umath_linalg.framework"; sourceTree = "<group>"; };
		22EF1E45225BE1BA0058BEAA /* pythonA-numpy.core._multiarray_umath.framework */ = {isa = PBXFileReference; lastKnownFileType = wrapper.framework; name = "pythonA-numpy.core._multiarray_umath.framework"; path = "Frameworks/pythonA-numpy.core._multiarray_umath.framework"; sourceTree = "<group>"; };
		22EF1E46225BE1BA0058BEAA /* pythonA-numpy.core._dummy.framework */ = {isa = PBXFileReference; lastKnownFileType = wrapper.framework; name = "pythonA-numpy.core._dummy.framework"; path = "Frameworks/pythonA-numpy.core._dummy.framework"; sourceTree = "<group>"; };
		22EF1E53225BE5D50058BEAA /* pythonC-numpy.linalg._umath_linalg.framework */ = {isa = PBXFileReference; lastKnownFileType = wrapper.framework; name = "pythonC-numpy.linalg._umath_linalg.framework"; path = "Frameworks/pythonC-numpy.linalg._umath_linalg.framework"; sourceTree = "<group>"; };
		22EF1E54225BE5D50058BEAA /* pythonD-numpy.fft.fftpack_lite.framework */ = {isa = PBXFileReference; lastKnownFileType = wrapper.framework; name = "pythonD-numpy.fft.fftpack_lite.framework"; path = "Frameworks/pythonD-numpy.fft.fftpack_lite.framework"; sourceTree = "<group>"; };
		22EF1E55225BE5D50058BEAA /* pythonE-numpy.random.mtrand.framework */ = {isa = PBXFileReference; lastKnownFileType = wrapper.framework; name = "pythonE-numpy.random.mtrand.framework"; path = "Frameworks/pythonE-numpy.random.mtrand.framework"; sourceTree = "<group>"; };
		22EF1E56225BE5D50058BEAA /* pythonC-numpy.core._multiarray_umath.framework */ = {isa = PBXFileReference; lastKnownFileType = wrapper.framework; name = "pythonC-numpy.core._multiarray_umath.framework"; path = "Frameworks/pythonC-numpy.core._multiarray_umath.framework"; sourceTree = "<group>"; };
		22EF1E57225BE5D50058BEAA /* pythonC-numpy.core._dummy.framework */ = {isa = PBXFileReference; lastKnownFileType = wrapper.framework; name = "pythonC-numpy.core._dummy.framework"; path = "Frameworks/pythonC-numpy.core._dummy.framework"; sourceTree = "<group>"; };
		22EF1E58225BE5D50058BEAA /* pythonE-numpy.linalg.lapack_lite.framework */ = {isa = PBXFileReference; lastKnownFileType = wrapper.framework; name = "pythonE-numpy.linalg.lapack_lite.framework"; path = "Frameworks/pythonE-numpy.linalg.lapack_lite.framework"; sourceTree = "<group>"; };
		22EF1E59225BE5D50058BEAA /* pythonB-numpy.random.mtrand.framework */ = {isa = PBXFileReference; lastKnownFileType = wrapper.framework; name = "pythonB-numpy.random.mtrand.framework"; path = "Frameworks/pythonB-numpy.random.mtrand.framework"; sourceTree = "<group>"; };
		22EF1E5A225BE5D60058BEAA /* pythonC-numpy.random.mtrand.framework */ = {isa = PBXFileReference; lastKnownFileType = wrapper.framework; name = "pythonC-numpy.random.mtrand.framework"; path = "Frameworks/pythonC-numpy.random.mtrand.framework"; sourceTree = "<group>"; };
		22EF1E5B225BE5D60058BEAA /* pythonB-numpy.core._multiarray_umath.framework */ = {isa = PBXFileReference; lastKnownFileType = wrapper.framework; name = "pythonB-numpy.core._multiarray_umath.framework"; path = "Frameworks/pythonB-numpy.core._multiarray_umath.framework"; sourceTree = "<group>"; };
		22EF1E5C225BE5D60058BEAA /* pythonD-numpy.linalg.lapack_lite.framework */ = {isa = PBXFileReference; lastKnownFileType = wrapper.framework; name = "pythonD-numpy.linalg.lapack_lite.framework"; path = "Frameworks/pythonD-numpy.linalg.lapack_lite.framework"; sourceTree = "<group>"; };
		22EF1E5D225BE5D60058BEAA /* pythonE-numpy.core._dummy.framework */ = {isa = PBXFileReference; lastKnownFileType = wrapper.framework; name = "pythonE-numpy.core._dummy.framework"; path = "Frameworks/pythonE-numpy.core._dummy.framework"; sourceTree = "<group>"; };
		22EF1E5E225BE5D60058BEAA /* pythonE-numpy.core._multiarray_umath.framework */ = {isa = PBXFileReference; lastKnownFileType = wrapper.framework; name = "pythonE-numpy.core._multiarray_umath.framework"; path = "Frameworks/pythonE-numpy.core._multiarray_umath.framework"; sourceTree = "<group>"; };
		22EF1E5F225BE5D60058BEAA /* pythonD-numpy.core._dummy.framework */ = {isa = PBXFileReference; lastKnownFileType = wrapper.framework; name = "pythonD-numpy.core._dummy.framework"; path = "Frameworks/pythonD-numpy.core._dummy.framework"; sourceTree = "<group>"; };
		22EF1E60225BE5D60058BEAA /* pythonD-numpy.linalg._umath_linalg.framework */ = {isa = PBXFileReference; lastKnownFileType = wrapper.framework; name = "pythonD-numpy.linalg._umath_linalg.framework"; path = "Frameworks/pythonD-numpy.linalg._umath_linalg.framework"; sourceTree = "<group>"; };
		22EF1E61225BE5D60058BEAA /* pythonB-numpy.linalg.lapack_lite.framework */ = {isa = PBXFileReference; lastKnownFileType = wrapper.framework; name = "pythonB-numpy.linalg.lapack_lite.framework"; path = "Frameworks/pythonB-numpy.linalg.lapack_lite.framework"; sourceTree = "<group>"; };
		22EF1E62225BE5D60058BEAA /* pythonD-numpy.core._multiarray_umath.framework */ = {isa = PBXFileReference; lastKnownFileType = wrapper.framework; name = "pythonD-numpy.core._multiarray_umath.framework"; path = "Frameworks/pythonD-numpy.core._multiarray_umath.framework"; sourceTree = "<group>"; };
		22EF1E63225BE5D60058BEAA /* pythonE-numpy.fft.fftpack_lite.framework */ = {isa = PBXFileReference; lastKnownFileType = wrapper.framework; name = "pythonE-numpy.fft.fftpack_lite.framework"; path = "Frameworks/pythonE-numpy.fft.fftpack_lite.framework"; sourceTree = "<group>"; };
		22EF1E64225BE5D60058BEAA /* pythonB-numpy.core._dummy.framework */ = {isa = PBXFileReference; lastKnownFileType = wrapper.framework; name = "pythonB-numpy.core._dummy.framework"; path = "Frameworks/pythonB-numpy.core._dummy.framework"; sourceTree = "<group>"; };
		22EF1E65225BE5D70058BEAA /* pythonE-numpy.linalg._umath_linalg.framework */ = {isa = PBXFileReference; lastKnownFileType = wrapper.framework; name = "pythonE-numpy.linalg._umath_linalg.framework"; path = "Frameworks/pythonE-numpy.linalg._umath_linalg.framework"; sourceTree = "<group>"; };
		22EF1E66225BE5D70058BEAA /* pythonC-numpy.fft.fftpack_lite.framework */ = {isa = PBXFileReference; lastKnownFileType = wrapper.framework; name = "pythonC-numpy.fft.fftpack_lite.framework"; path = "Frameworks/pythonC-numpy.fft.fftpack_lite.framework"; sourceTree = "<group>"; };
		22EF1E67225BE5D70058BEAA /* pythonC-numpy.linalg.lapack_lite.framework */ = {isa = PBXFileReference; lastKnownFileType = wrapper.framework; name = "pythonC-numpy.linalg.lapack_lite.framework"; path = "Frameworks/pythonC-numpy.linalg.lapack_lite.framework"; sourceTree = "<group>"; };
		22EF1E68225BE5D70058BEAA /* pythonB-numpy.fft.fftpack_lite.framework */ = {isa = PBXFileReference; lastKnownFileType = wrapper.framework; name = "pythonB-numpy.fft.fftpack_lite.framework"; path = "Frameworks/pythonB-numpy.fft.fftpack_lite.framework"; sourceTree = "<group>"; };
		22EF1E69225BE5D70058BEAA /* pythonD-numpy.random.mtrand.framework */ = {isa = PBXFileReference; lastKnownFileType = wrapper.framework; name = "pythonD-numpy.random.mtrand.framework"; path = "Frameworks/pythonD-numpy.random.mtrand.framework"; sourceTree = "<group>"; };
		22EF1E6A225BE5D70058BEAA /* pythonB-numpy.linalg._umath_linalg.framework */ = {isa = PBXFileReference; lastKnownFileType = wrapper.framework; name = "pythonB-numpy.linalg._umath_linalg.framework"; path = "Frameworks/pythonB-numpy.linalg._umath_linalg.framework"; sourceTree = "<group>"; };
		22EF1E9B225BE6000058BEAA /* python3_ios-numpy.core._multiarray_umath.framework */ = {isa = PBXFileReference; lastKnownFileType = wrapper.framework; name = "python3_ios-numpy.core._multiarray_umath.framework"; path = "Frameworks/python3_ios-numpy.core._multiarray_umath.framework"; sourceTree = "<group>"; };
		22EF1E9C225BE6000058BEAA /* python3_ios-numpy.random.mtrand.framework */ = {isa = PBXFileReference; lastKnownFileType = wrapper.framework; name = "python3_ios-numpy.random.mtrand.framework"; path = "Frameworks/python3_ios-numpy.random.mtrand.framework"; sourceTree = "<group>"; };
		22EF1E9D225BE6010058BEAA /* python3_ios-numpy.linalg._umath_linalg.framework */ = {isa = PBXFileReference; lastKnownFileType = wrapper.framework; name = "python3_ios-numpy.linalg._umath_linalg.framework"; path = "Frameworks/python3_ios-numpy.linalg._umath_linalg.framework"; sourceTree = "<group>"; };
		22EF1E9E225BE6010058BEAA /* python3_ios-numpy.fft.fftpack_lite.framework */ = {isa = PBXFileReference; lastKnownFileType = wrapper.framework; name = "python3_ios-numpy.fft.fftpack_lite.framework"; path = "Frameworks/python3_ios-numpy.fft.fftpack_lite.framework"; sourceTree = "<group>"; };
		22EF1E9F225BE6010058BEAA /* python3_ios-numpy.linalg.lapack_lite.framework */ = {isa = PBXFileReference; lastKnownFileType = wrapper.framework; name = "python3_ios-numpy.linalg.lapack_lite.framework"; path = "Frameworks/python3_ios-numpy.linalg.lapack_lite.framework"; sourceTree = "<group>"; };
		22EF1EA0225BE6020058BEAA /* python3_ios-numpy.core._dummy.framework */ = {isa = PBXFileReference; lastKnownFileType = wrapper.framework; name = "python3_ios-numpy.core._dummy.framework"; path = "Frameworks/python3_ios-numpy.core._dummy.framework"; sourceTree = "<group>"; };
		22F03F702219D9E500EBEA0B /* Library */ = {isa = PBXFileReference; lastKnownFileType = folder; path = Library; sourceTree = "<group>"; };
		22F03F72222087AB00EBEA0B /* ListPythonFiles.swift */ = {isa = PBXFileReference; fileEncoding = 4; lastKnownFileType = sourcecode.swift; path = ListPythonFiles.swift; sourceTree = "<group>"; };
		22FA33E62238491700A13D55 /* Carnets.entitlements */ = {isa = PBXFileReference; lastKnownFileType = text.plist.entitlements; path = Carnets.entitlements; sourceTree = "<group>"; };
		22FFDCF22263D78F003E97CF /* welcome */ = {isa = PBXFileReference; lastKnownFileType = folder; path = welcome; sourceTree = "<group>"; };
/* End PBXFileReference section */

/* Begin PBXFrameworksBuildPhase section */
		22B750A921FC671700241F27 /* Frameworks */ = {
			isa = PBXFrameworksBuildPhase;
			buildActionMask = 2147483647;
			files = (
				22288E312212099D0081D86C /* ios_system.framework in Frameworks */,
			);
			runOnlyForDeploymentPostprocessing = 0;
		};
/* End PBXFrameworksBuildPhase section */

/* Begin PBXGroup section */
		221EE18021FCCBDB00D0394F /* Resources */ = {
			isa = PBXGroup;
			children = (
				22B7514F21FCCB9F00241F27 /* commandDictionary.plist */,
				229F12212243BAAE006487FD /* FontAwesome.otf */,
			);
			name = Resources;
			sourceTree = "<group>";
		};
		22B750A321FC671700241F27 = {
			isa = PBXGroup;
			children = (
				22FFDCF22263D78F003E97CF /* welcome */,
				22F03F702219D9E500EBEA0B /* Library */,
				22B750AE21FC671700241F27 /* Carnets */,
				22B750AD21FC671700241F27 /* Products */,
				221EE18021FCCBDB00D0394F /* Resources */,
				22B750C121FC8F2C00241F27 /* Frameworks */,
			);
			sourceTree = "<group>";
		};
		22B750AD21FC671700241F27 /* Products */ = {
			isa = PBXGroup;
			children = (
				22B750AC21FC671700241F27 /* Carnets.app */,
			);
			name = Products;
			sourceTree = "<group>";
		};
		22B750AE21FC671700241F27 /* Carnets */ = {
			isa = PBXGroup;
			children = (
				22FA33E62238491700A13D55 /* Carnets.entitlements */,
				22B750AF21FC671700241F27 /* AppDelegate.swift */,
				22C9A7AB223804210016B538 /* runningSessions.swift */,
				22A1C69D21FE4142001B49F0 /* ViewController.swift */,
				22F03F72222087AB00EBEA0B /* ListPythonFiles.swift */,
				22C9A7802236CEDD0016B538 /* Document.swift */,
				22C9A7812236CEDE0016B538 /* DocumentBrowserViewController.swift */,
				22C9A7822236CEDE0016B538 /* DocumentViewController.swift */,
				22B750B321FC671700241F27 /* Main.storyboard */,
				22B750B621FC671900241F27 /* Assets.xcassets */,
				22B750B821FC671900241F27 /* LaunchScreen.storyboard */,
				22B750BB21FC671900241F27 /* Info.plist */,
			);
			path = Carnets;
			sourceTree = "<group>";
		};
		22B750C121FC8F2C00241F27 /* Frameworks */ = {
			isa = PBXGroup;
			children = (
				221BB1B522625B0A000AF355 /* python3_ios-matplotlib._contour.framework */,
				221BB1B222625B0A000AF355 /* python3_ios-matplotlib._image.framework */,
				221BB1B622625B0B000AF355 /* python3_ios-matplotlib._path.framework */,
				221BB1B922625B0B000AF355 /* python3_ios-matplotlib._png.framework */,
				221BB1B822625B0B000AF355 /* python3_ios-matplotlib._qhull.framework */,
				221BB1B422625B0A000AF355 /* python3_ios-matplotlib._tri.framework */,
				221BB1B322625B0A000AF355 /* python3_ios-matplotlib.backends._backend_agg.framework */,
				221BB1BA22625B0B000AF355 /* python3_ios-matplotlib.ft2font.framework */,
				221BB1B722625B0B000AF355 /* python3_ios-matplotlib.ttconv.framework */,
				221BB1A622625AF1000AF355 /* pythonA-matplotlib._contour.framework */,
				221BB1A522625AF1000AF355 /* pythonA-matplotlib._image.framework */,
				221BB1A822625AF2000AF355 /* pythonA-matplotlib._path.framework */,
				221BB1A122625AF0000AF355 /* pythonA-matplotlib._png.framework */,
				221BB1A022625AF0000AF355 /* pythonA-matplotlib._qhull.framework */,
				221BB1A222625AF1000AF355 /* pythonA-matplotlib._tri.framework */,
				221BB1A722625AF1000AF355 /* pythonA-matplotlib.backends._backend_agg.framework */,
				221BB1A322625AF1000AF355 /* pythonA-matplotlib.ft2font.framework */,
				221BB1A422625AF1000AF355 /* pythonA-matplotlib.ttconv.framework */,
				221BB18F22625ADA000AF355 /* pythonB-matplotlib._contour.framework */,
				221BB18E22625ADA000AF355 /* pythonB-matplotlib._image.framework */,
				221BB19422625ADB000AF355 /* pythonB-matplotlib._path.framework */,
				221BB19322625ADB000AF355 /* pythonB-matplotlib._png.framework */,
				221BB19222625ADA000AF355 /* pythonB-matplotlib._qhull.framework */,
				221BB19522625ADB000AF355 /* pythonB-matplotlib._tri.framework */,
				221BB19622625ADB000AF355 /* pythonB-matplotlib.backends._backend_agg.framework */,
				221BB19022625ADA000AF355 /* pythonB-matplotlib.ft2font.framework */,
				221BB19122625ADA000AF355 /* pythonB-matplotlib.ttconv.framework */,
				221BB17C22625AC5000AF355 /* pythonC-matplotlib._contour.framework */,
				221BB18022625AC6000AF355 /* pythonC-matplotlib._image.framework */,
				221BB17E22625AC5000AF355 /* pythonC-matplotlib._path.framework */,
				221BB18322625AC6000AF355 /* pythonC-matplotlib._png.framework */,
				221BB17D22625AC5000AF355 /* pythonC-matplotlib._qhull.framework */,
				221BB17F22625AC5000AF355 /* pythonC-matplotlib._tri.framework */,
				221BB18122625AC6000AF355 /* pythonC-matplotlib.backends._backend_agg.framework */,
				221BB18422625AC6000AF355 /* pythonC-matplotlib.ft2font.framework */,
				221BB18222625AC6000AF355 /* pythonC-matplotlib.ttconv.framework */,
				221BB16D22625AAC000AF355 /* pythonD-matplotlib._contour.framework */,
				221BB17122625AAD000AF355 /* pythonD-matplotlib._image.framework */,
				221BB16C22625AAC000AF355 /* pythonD-matplotlib._path.framework */,
				221BB16B22625AAC000AF355 /* pythonD-matplotlib._png.framework */,
				221BB16F22625AAD000AF355 /* pythonD-matplotlib._qhull.framework */,
				221BB16E22625AAD000AF355 /* pythonD-matplotlib._tri.framework */,
				221BB17022625AAD000AF355 /* pythonD-matplotlib.backends._backend_agg.framework */,
				221BB17222625AAD000AF355 /* pythonD-matplotlib.ft2font.framework */,
				221BB16A22625AAC000AF355 /* pythonD-matplotlib.ttconv.framework */,
				221BB15D22625A64000AF355 /* pythonE-matplotlib._contour.framework */,
				221BB15A22625A63000AF355 /* pythonE-matplotlib._image.framework */,
				221BB15E22625A64000AF355 /* pythonE-matplotlib._path.framework */,
				221BB15C22625A64000AF355 /* pythonE-matplotlib._png.framework */,
				221BB16022625A64000AF355 /* pythonE-matplotlib._qhull.framework */,
				221BB15922625A63000AF355 /* pythonE-matplotlib._tri.framework */,
				221BB15822625A63000AF355 /* pythonE-matplotlib.backends._backend_agg.framework */,
				221BB15F22625A64000AF355 /* pythonE-matplotlib.ft2font.framework */,
				221BB15B22625A64000AF355 /* pythonE-matplotlib.ttconv.framework */,
				22EF1EA0225BE6020058BEAA /* python3_ios-numpy.core._dummy.framework */,
				22EF1E9B225BE6000058BEAA /* python3_ios-numpy.core._multiarray_umath.framework */,
				22EF1E9E225BE6010058BEAA /* python3_ios-numpy.fft.fftpack_lite.framework */,
				22EF1E9D225BE6010058BEAA /* python3_ios-numpy.linalg._umath_linalg.framework */,
				22EF1E9F225BE6010058BEAA /* python3_ios-numpy.linalg.lapack_lite.framework */,
				22EF1E9C225BE6000058BEAA /* python3_ios-numpy.random.mtrand.framework */,
				22EF1E64225BE5D60058BEAA /* pythonB-numpy.core._dummy.framework */,
				22EF1E5B225BE5D60058BEAA /* pythonB-numpy.core._multiarray_umath.framework */,
				22EF1E68225BE5D70058BEAA /* pythonB-numpy.fft.fftpack_lite.framework */,
				22EF1E6A225BE5D70058BEAA /* pythonB-numpy.linalg._umath_linalg.framework */,
				22EF1E61225BE5D60058BEAA /* pythonB-numpy.linalg.lapack_lite.framework */,
				22EF1E59225BE5D50058BEAA /* pythonB-numpy.random.mtrand.framework */,
				22EF1E57225BE5D50058BEAA /* pythonC-numpy.core._dummy.framework */,
				22EF1E56225BE5D50058BEAA /* pythonC-numpy.core._multiarray_umath.framework */,
				22EF1E66225BE5D70058BEAA /* pythonC-numpy.fft.fftpack_lite.framework */,
				22EF1E53225BE5D50058BEAA /* pythonC-numpy.linalg._umath_linalg.framework */,
				22EF1E67225BE5D70058BEAA /* pythonC-numpy.linalg.lapack_lite.framework */,
				22EF1E5A225BE5D60058BEAA /* pythonC-numpy.random.mtrand.framework */,
				22EF1E5F225BE5D60058BEAA /* pythonD-numpy.core._dummy.framework */,
				22EF1E62225BE5D60058BEAA /* pythonD-numpy.core._multiarray_umath.framework */,
				22EF1E54225BE5D50058BEAA /* pythonD-numpy.fft.fftpack_lite.framework */,
				22EF1E60225BE5D60058BEAA /* pythonD-numpy.linalg._umath_linalg.framework */,
				22EF1E5C225BE5D60058BEAA /* pythonD-numpy.linalg.lapack_lite.framework */,
				22EF1E69225BE5D70058BEAA /* pythonD-numpy.random.mtrand.framework */,
				22EF1E5D225BE5D60058BEAA /* pythonE-numpy.core._dummy.framework */,
				22EF1E5E225BE5D60058BEAA /* pythonE-numpy.core._multiarray_umath.framework */,
				22EF1E63225BE5D60058BEAA /* pythonE-numpy.fft.fftpack_lite.framework */,
				22EF1E65225BE5D70058BEAA /* pythonE-numpy.linalg._umath_linalg.framework */,
				22EF1E58225BE5D50058BEAA /* pythonE-numpy.linalg.lapack_lite.framework */,
				22EF1E55225BE5D50058BEAA /* pythonE-numpy.random.mtrand.framework */,
				22EF1E46225BE1BA0058BEAA /* pythonA-numpy.core._dummy.framework */,
				22EF1E45225BE1BA0058BEAA /* pythonA-numpy.core._multiarray_umath.framework */,
				22EF1E41225BE1BA0058BEAA /* pythonA-numpy.fft.fftpack_lite.framework */,
				22EF1E44225BE1BA0058BEAA /* pythonA-numpy.linalg._umath_linalg.framework */,
				22EF1E42225BE1BA0058BEAA /* pythonA-numpy.linalg.lapack_lite.framework */,
				22EF1E43225BE1BA0058BEAA /* pythonA-numpy.random.mtrand.framework */,
				22623B78225B8ACD0002DB71 /* python3_ios-kiwisolver.framework */,
				22623B6C225B8AAB0002DB71 /* pythonB-kiwisolver.framework */,
				22623B6E225B8AAC0002DB71 /* pythonC-kiwisolver.framework */,
				22623B6F225B8AAC0002DB71 /* pythonD-kiwisolver.framework */,
				22623B6D225B8AAC0002DB71 /* pythonE-kiwisolver.framework */,
				22623B69225B87C50002DB71 /* pythonA-kiwisolver.framework */,
				229BB8D52210DCA30070FD71 /* libc++.tbd */,
				229BB8D32210DC8F0070FD71 /* libbz2.tbd */,
				22623B3B225B6B090002DB71 /* python3_ios.framework */,
				22623B38225B6B090002DB71 /* pythonA.framework */,
				22623B39225B6B090002DB71 /* pythonB.framework */,
				22623B37225B6B090002DB71 /* pythonC.framework */,
				22623B3A225B6B090002DB71 /* pythonD.framework */,
				22623B36225B6B090002DB71 /* pythonE.framework */,
				22288E222212098C0081D86C /* openblas.framework */,
				22B750DB21FCA4CF00241F27 /* awk.framework */,
				22B750D621FCA4CF00241F27 /* curl_ios.framework */,
				22B750DA21FCA4CF00241F27 /* files.framework */,
				22B750EA21FCA4D100241F27 /* freetype.framework */,
				22B750CF21FCA4CE00241F27 /* harfbuzz.framework */,
				22B750D921FCA4CF00241F27 /* ios_system.framework */,
				22B750D821FCA4CF00241F27 /* libssh2.framework */,
				22B750DC21FCA4CF00241F27 /* network_ios.framework */,
				22B750D221FCA4CF00241F27 /* openssl.framework */,
				22B750DD21FCA4D000241F27 /* shell.framework */,
				22B750E621FCA4D100241F27 /* ssh_cmd.framework */,
				22B750E721FCA4D100241F27 /* tar.framework */,
				22B750DE21FCA4D000241F27 /* text.framework */,
			);
			name = Frameworks;
			sourceTree = "<group>";
		};
/* End PBXGroup section */

/* Begin PBXNativeTarget section */
		22B750AB21FC671700241F27 /* Carnets */ = {
			isa = PBXNativeTarget;
			buildConfigurationList = 22B750BE21FC671900241F27 /* Build configuration list for PBXNativeTarget "Carnets" */;
			buildPhases = (
				22B750A821FC671700241F27 /* Sources */,
				22B750A921FC671700241F27 /* Frameworks */,
				22B750AA21FC671700241F27 /* Resources */,
				22B7514721FCA53400241F27 /* Embed Frameworks */,
			);
			buildRules = (
			);
			dependencies = (
			);
			name = Carnets;
			productName = Carnets;
			productReference = 22B750AC21FC671700241F27 /* Carnets.app */;
			productType = "com.apple.product-type.application";
		};
/* End PBXNativeTarget section */

/* Begin PBXProject section */
		22B750A421FC671700241F27 /* Project object */ = {
			isa = PBXProject;
			attributes = {
				LastSwiftUpdateCheck = 1010;
				LastUpgradeCheck = 1010;
				ORGANIZATIONNAME = AsheKube;
				TargetAttributes = {
					22B750AB21FC671700241F27 = {
						CreatedOnToolsVersion = 10.1;
						LastSwiftMigration = 1020;
						SystemCapabilities = {
							com.apple.BackgroundModes = {
								enabled = 0;
							};
							com.apple.iCloud = {
								enabled = 1;
							};
						};
					};
				};
			};
			buildConfigurationList = 22B750A721FC671700241F27 /* Build configuration list for PBXProject "Carnets" */;
			compatibilityVersion = "Xcode 9.3";
			developmentRegion = en;
			hasScannedForEncodings = 0;
			knownRegions = (
				en,
				Base,
			);
			mainGroup = 22B750A321FC671700241F27;
			productRefGroup = 22B750AD21FC671700241F27 /* Products */;
			projectDirPath = "";
			projectRoot = "";
			targets = (
				22B750AB21FC671700241F27 /* Carnets */,
			);
		};
/* End PBXProject section */

/* Begin PBXResourcesBuildPhase section */
		22B750AA21FC671700241F27 /* Resources */ = {
			isa = PBXResourcesBuildPhase;
			buildActionMask = 2147483647;
			files = (
				22FFDCF32263D78F003E97CF /* welcome in Resources */,
				22B750BA21FC671900241F27 /* LaunchScreen.storyboard in Resources */,
				22B750B721FC671900241F27 /* Assets.xcassets in Resources */,
				22B750B521FC671700241F27 /* Main.storyboard in Resources */,
				22B7515021FCCB9F00241F27 /* commandDictionary.plist in Resources */,
				22F03F712219D9EF00EBEA0B /* Library in Resources */,
				229F12222243BC2E006487FD /* FontAwesome.otf in Resources */,
			);
			runOnlyForDeploymentPostprocessing = 0;
		};
/* End PBXResourcesBuildPhase section */

/* Begin PBXSourcesBuildPhase section */
		22B750A821FC671700241F27 /* Sources */ = {
			isa = PBXSourcesBuildPhase;
			buildActionMask = 2147483647;
			files = (
				22A1C69E21FE4143001B49F0 /* ViewController.swift in Sources */,
				22C9A7AC223804210016B538 /* runningSessions.swift in Sources */,
				22A9B758223BD58700F2D2FF /* Document.swift in Sources */,
				22C9A7842236CEDE0016B538 /* DocumentBrowserViewController.swift in Sources */,
				22B750B021FC671700241F27 /* AppDelegate.swift in Sources */,
				22F03F73222087AB00EBEA0B /* ListPythonFiles.swift in Sources */,
			);
			runOnlyForDeploymentPostprocessing = 0;
		};
/* End PBXSourcesBuildPhase section */

/* Begin PBXVariantGroup section */
		22B750B321FC671700241F27 /* Main.storyboard */ = {
			isa = PBXVariantGroup;
			children = (
				22B750B421FC671700241F27 /* Base */,
			);
			name = Main.storyboard;
			sourceTree = "<group>";
		};
		22B750B821FC671900241F27 /* LaunchScreen.storyboard */ = {
			isa = PBXVariantGroup;
			children = (
				22B750B921FC671900241F27 /* Base */,
			);
			name = LaunchScreen.storyboard;
			sourceTree = "<group>";
		};
/* End PBXVariantGroup section */

/* Begin XCBuildConfiguration section */
		22B750BC21FC671900241F27 /* Debug */ = {
			isa = XCBuildConfiguration;
			buildSettings = {
				ALWAYS_SEARCH_USER_PATHS = NO;
				CLANG_ANALYZER_NONNULL = YES;
				CLANG_ANALYZER_NUMBER_OBJECT_CONVERSION = YES_AGGRESSIVE;
				CLANG_CXX_LANGUAGE_STANDARD = "gnu++14";
				CLANG_CXX_LIBRARY = "libc++";
				CLANG_ENABLE_MODULES = YES;
				CLANG_ENABLE_OBJC_ARC = YES;
				CLANG_ENABLE_OBJC_WEAK = YES;
				CLANG_WARN_BLOCK_CAPTURE_AUTORELEASING = YES;
				CLANG_WARN_BOOL_CONVERSION = YES;
				CLANG_WARN_COMMA = YES;
				CLANG_WARN_CONSTANT_CONVERSION = YES;
				CLANG_WARN_DEPRECATED_OBJC_IMPLEMENTATIONS = YES;
				CLANG_WARN_DIRECT_OBJC_ISA_USAGE = YES_ERROR;
				CLANG_WARN_DOCUMENTATION_COMMENTS = YES;
				CLANG_WARN_EMPTY_BODY = YES;
				CLANG_WARN_ENUM_CONVERSION = YES;
				CLANG_WARN_INFINITE_RECURSION = YES;
				CLANG_WARN_INT_CONVERSION = YES;
				CLANG_WARN_NON_LITERAL_NULL_CONVERSION = YES;
				CLANG_WARN_OBJC_IMPLICIT_RETAIN_SELF = YES;
				CLANG_WARN_OBJC_LITERAL_CONVERSION = YES;
				CLANG_WARN_OBJC_ROOT_CLASS = YES_ERROR;
				CLANG_WARN_RANGE_LOOP_ANALYSIS = YES;
				CLANG_WARN_STRICT_PROTOTYPES = YES;
				CLANG_WARN_SUSPICIOUS_MOVE = YES;
				CLANG_WARN_UNGUARDED_AVAILABILITY = YES_AGGRESSIVE;
				CLANG_WARN_UNREACHABLE_CODE = YES;
				CLANG_WARN__DUPLICATE_METHOD_MATCH = YES;
				CODE_SIGN_IDENTITY = "iPhone Developer";
				COPY_PHASE_STRIP = NO;
				DEBUG_INFORMATION_FORMAT = dwarf;
				ENABLE_STRICT_OBJC_MSGSEND = YES;
				ENABLE_TESTABILITY = YES;
				GCC_C_LANGUAGE_STANDARD = gnu11;
				GCC_DYNAMIC_NO_PIC = NO;
				GCC_NO_COMMON_BLOCKS = YES;
				GCC_OPTIMIZATION_LEVEL = 0;
				GCC_PREPROCESSOR_DEFINITIONS = (
					"DEBUG=1",
					"$(inherited)",
				);
				GCC_WARN_64_TO_32_BIT_CONVERSION = YES;
				GCC_WARN_ABOUT_RETURN_TYPE = YES_ERROR;
				GCC_WARN_UNDECLARED_SELECTOR = YES;
				GCC_WARN_UNINITIALIZED_AUTOS = YES_AGGRESSIVE;
				GCC_WARN_UNUSED_FUNCTION = YES;
				GCC_WARN_UNUSED_VARIABLE = YES;
				IPHONEOS_DEPLOYMENT_TARGET = 11.0;
				MTL_ENABLE_DEBUG_INFO = INCLUDE_SOURCE;
				MTL_FAST_MATH = YES;
				ONLY_ACTIVE_ARCH = YES;
				SDKROOT = iphoneos;
				SWIFT_ACTIVE_COMPILATION_CONDITIONS = DEBUG;
				SWIFT_OPTIMIZATION_LEVEL = "-Onone";
			};
			name = Debug;
		};
		22B750BD21FC671900241F27 /* Release */ = {
			isa = XCBuildConfiguration;
			buildSettings = {
				ALWAYS_SEARCH_USER_PATHS = NO;
				CLANG_ANALYZER_NONNULL = YES;
				CLANG_ANALYZER_NUMBER_OBJECT_CONVERSION = YES_AGGRESSIVE;
				CLANG_CXX_LANGUAGE_STANDARD = "gnu++14";
				CLANG_CXX_LIBRARY = "libc++";
				CLANG_ENABLE_MODULES = YES;
				CLANG_ENABLE_OBJC_ARC = YES;
				CLANG_ENABLE_OBJC_WEAK = YES;
				CLANG_WARN_BLOCK_CAPTURE_AUTORELEASING = YES;
				CLANG_WARN_BOOL_CONVERSION = YES;
				CLANG_WARN_COMMA = YES;
				CLANG_WARN_CONSTANT_CONVERSION = YES;
				CLANG_WARN_DEPRECATED_OBJC_IMPLEMENTATIONS = YES;
				CLANG_WARN_DIRECT_OBJC_ISA_USAGE = YES_ERROR;
				CLANG_WARN_DOCUMENTATION_COMMENTS = YES;
				CLANG_WARN_EMPTY_BODY = YES;
				CLANG_WARN_ENUM_CONVERSION = YES;
				CLANG_WARN_INFINITE_RECURSION = YES;
				CLANG_WARN_INT_CONVERSION = YES;
				CLANG_WARN_NON_LITERAL_NULL_CONVERSION = YES;
				CLANG_WARN_OBJC_IMPLICIT_RETAIN_SELF = YES;
				CLANG_WARN_OBJC_LITERAL_CONVERSION = YES;
				CLANG_WARN_OBJC_ROOT_CLASS = YES_ERROR;
				CLANG_WARN_RANGE_LOOP_ANALYSIS = YES;
				CLANG_WARN_STRICT_PROTOTYPES = YES;
				CLANG_WARN_SUSPICIOUS_MOVE = YES;
				CLANG_WARN_UNGUARDED_AVAILABILITY = YES_AGGRESSIVE;
				CLANG_WARN_UNREACHABLE_CODE = YES;
				CLANG_WARN__DUPLICATE_METHOD_MATCH = YES;
				CODE_SIGN_IDENTITY = "iPhone Developer";
				COPY_PHASE_STRIP = NO;
				DEBUG_INFORMATION_FORMAT = "dwarf-with-dsym";
				ENABLE_NS_ASSERTIONS = NO;
				ENABLE_STRICT_OBJC_MSGSEND = YES;
				GCC_C_LANGUAGE_STANDARD = gnu11;
				GCC_NO_COMMON_BLOCKS = YES;
				GCC_WARN_64_TO_32_BIT_CONVERSION = YES;
				GCC_WARN_ABOUT_RETURN_TYPE = YES_ERROR;
				GCC_WARN_UNDECLARED_SELECTOR = YES;
				GCC_WARN_UNINITIALIZED_AUTOS = YES_AGGRESSIVE;
				GCC_WARN_UNUSED_FUNCTION = YES;
				GCC_WARN_UNUSED_VARIABLE = YES;
				IPHONEOS_DEPLOYMENT_TARGET = 11.0;
				MTL_ENABLE_DEBUG_INFO = NO;
				MTL_FAST_MATH = YES;
				SDKROOT = iphoneos;
				SWIFT_COMPILATION_MODE = wholemodule;
				SWIFT_OPTIMIZATION_LEVEL = "-O";
				VALIDATE_PRODUCT = YES;
			};
			name = Release;
		};
		22B750BF21FC671900241F27 /* Debug */ = {
			isa = XCBuildConfiguration;
			buildSettings = {
				ASSETCATALOG_COMPILER_APPICON_NAME = AppIcon;
				CODE_SIGN_ENTITLEMENTS = Carnets/Carnets.entitlements;
				CODE_SIGN_STYLE = Automatic;
				DEAD_CODE_STRIPPING = NO;
				DEVELOPMENT_TEAM = VG8Z23C8YL;
				ENABLE_BITCODE = NO;
				FRAMEWORK_SEARCH_PATHS = (
					"$(inherited)",
					"$(PROJECT_DIR)/Frameworks",
				);
				INFOPLIST_FILE = Carnets/Info.plist;
				IPHONEOS_DEPLOYMENT_TARGET = 11.0;
				LD_RUNPATH_SEARCH_PATHS = (
					"$(inherited)",
					"@executable_path/Frameworks",
				);
				LIBRARY_SEARCH_PATHS = (
					"$(inherited)",
					"$(PROJECT_DIR)/Frameworks",
				);
				PRODUCT_BUNDLE_IDENTIFIER = AsheKube.Carnets;
				PRODUCT_NAME = "$(TARGET_NAME)";
				STRIP_INSTALLED_PRODUCT = NO;
				STRIP_STYLE = debugging;
				STRIP_SWIFT_SYMBOLS = NO;
				SWIFT_VERSION = 5.0;
				TARGETED_DEVICE_FAMILY = "1,2";
			};
			name = Debug;
		};
		22B750C021FC671900241F27 /* Release */ = {
			isa = XCBuildConfiguration;
			buildSettings = {
				ASSETCATALOG_COMPILER_APPICON_NAME = AppIcon;
				CODE_SIGN_ENTITLEMENTS = Carnets/Carnets.entitlements;
				CODE_SIGN_STYLE = Automatic;
				DEAD_CODE_STRIPPING = NO;
				DEVELOPMENT_TEAM = VG8Z23C8YL;
				ENABLE_BITCODE = NO;
				FRAMEWORK_SEARCH_PATHS = (
					"$(inherited)",
					"$(PROJECT_DIR)/Frameworks",
				);
				INFOPLIST_FILE = Carnets/Info.plist;
				IPHONEOS_DEPLOYMENT_TARGET = 11.0;
				LD_RUNPATH_SEARCH_PATHS = (
					"$(inherited)",
					"@executable_path/Frameworks",
				);
				LIBRARY_SEARCH_PATHS = (
					"$(inherited)",
					"$(PROJECT_DIR)/Frameworks",
				);
				PRODUCT_BUNDLE_IDENTIFIER = AsheKube.Carnets;
				PRODUCT_NAME = "$(TARGET_NAME)";
				STRIP_INSTALLED_PRODUCT = NO;
				STRIP_STYLE = debugging;
				STRIP_SWIFT_SYMBOLS = NO;
				SWIFT_VERSION = 5.0;
				TARGETED_DEVICE_FAMILY = "1,2";
			};
			name = Release;
		};
/* End XCBuildConfiguration section */

/* Begin XCConfigurationList section */
		22B750A721FC671700241F27 /* Build configuration list for PBXProject "Carnets" */ = {
			isa = XCConfigurationList;
			buildConfigurations = (
				22B750BC21FC671900241F27 /* Debug */,
				22B750BD21FC671900241F27 /* Release */,
			);
			defaultConfigurationIsVisible = 0;
			defaultConfigurationName = Release;
		};
		22B750BE21FC671900241F27 /* Build configuration list for PBXNativeTarget "Carnets" */ = {
			isa = XCConfigurationList;
			buildConfigurations = (
				22B750BF21FC671900241F27 /* Debug */,
				22B750C021FC671900241F27 /* Release */,
			);
			defaultConfigurationIsVisible = 0;
			defaultConfigurationName = Release;
		};
/* End XCConfigurationList section */
	};
	rootObject = 22B750A421FC671700241F27 /* Project object */;
}
